PODS:
  - AFNetworking (2.0.2):
    - AFNetworking/NSURLConnection
    - AFNetworking/NSURLSession
    - AFNetworking/Reachability
    - AFNetworking/Security
    - AFNetworking/Serialization
    - AFNetworking/UIKit
  - AFNetworking/NSURLConnection (2.0.2):
    - AFNetworking/Reachability
    - AFNetworking/Security
    - AFNetworking/Serialization
  - AFNetworking/NSURLSession (2.0.2):
    - AFNetworking/Reachability
    - AFNetworking/Security
    - AFNetworking/Serialization
  - AFNetworking/Reachability (2.0.2)
  - AFNetworking/Security (2.0.2)
  - AFNetworking/Serialization (2.0.2)
  - AFNetworking/UIKit (2.0.2):
    - AFNetworking/NSURLConnection
  - Facebook-iOS-SDK (3.9.0)
  - FXBlurView (HEAD based on 1.4.4)
  - MSDynamicsDrawerViewController (1.0.0)
  - Parse-iOS-SDK (1.2.16):
    - Facebook-iOS-SDK (~> 3.7)
  - PayPal-iOS-SDK (1.3.5)
  - PNChart (0.1.8)
  - SDWebImage (3.5):
    - SDWebImage/Core
  - SDWebImage/Core (3.5)
  - sendgrid (0.1.0):
    - AFNetworking (~> 2.0)
  - SVProgressHUD (1.0)
  - Typhoon (1.5.3)

DEPENDENCIES:
  - FXBlurView (HEAD)
  - MSDynamicsDrawerViewController (~> 1.0.0)
  - Parse-iOS-SDK (~> 1.2.16)
  - PayPal-iOS-SDK (~> 1.3.5)
  - PNChart (~> 0.1.8)
  - SDWebImage (~> 3.5)
  - sendgrid (~> 0.1.0)
  - SVProgressHUD (~> 1.0)
  - Typhoon (~> 1.5.3)

SPEC CHECKSUMS:
  AFNetworking: 22de50ae71ab1c4859773f61068d6fcd1d8f9a4d
  Facebook-iOS-SDK: 5e1416dbdfc17b2620c2ca31c02e6feec042f2c1
  FXBlurView: bd4c9209f4415ec41138acabaa18cd0f87ecd49e
  MSDynamicsDrawerViewController: ae0dec8b54cf08efdfb3c6e8dfa95fb223218223
  Parse-iOS-SDK: 604907fddc0e299a1b9d79c1c04377d34662dfcd
  PayPal-iOS-SDK: 869131d4ca39d28153de00fe1649378671bb4c44
  PNChart: 477d34f305db70edc4670ac94841bedbad42f010
  SDWebImage: f1a72472f8a2d54445f1fedafe2090593d9caf7f
  sendgrid: 776837530dbc8e975325bb93cfef8bb21a8d02a8
  SVProgressHUD: 5e10939a296debf5fe5a5895eda9539b8b2114f1
  Typhoon: 486a9507a0d7d674e3dc023e77603fefd02aedd3

COCOAPODS: 0.27.1
