PODS:
  - Facebook-iOS-SDK (3.9.0)
  - FXBlurView (HEAD based on 1.4.4)
  - MSDynamicsDrawerViewController (1.0.0)
  - Parse-iOS-SDK (1.2.16):
    - Facebook-iOS-SDK (~> 3.7)
  - PayPal-iOS-SDK (1.3.5)
  - SDWebImage (3.5):
    - SDWebImage/Core
  - SDWebImage/Core (3.5)
  - Typhoon (1.5.3)

DEPENDENCIES:
  - FXBlurView (HEAD)
  - MSDynamicsDrawerViewController (~> 1.0.0)
  - Parse-iOS-SDK (~> 1.2.16)
  - PayPal-iOS-SDK (~> 1.3.5)
  - SDWebImage (~> 3.5)
  - Typhoon (~> 1.5.3)

SPEC CHECKSUMS:
  Facebook-iOS-SDK: 5e1416dbdfc17b2620c2ca31c02e6feec042f2c1
  FXBlurView: bd4c9209f4415ec41138acabaa18cd0f87ecd49e
  MSDynamicsDrawerViewController: ae0dec8b54cf08efdfb3c6e8dfa95fb223218223
  Parse-iOS-SDK: 604907fddc0e299a1b9d79c1c04377d34662dfcd
  PayPal-iOS-SDK: 869131d4ca39d28153de00fe1649378671bb4c44
  SDWebImage: f1a72472f8a2d54445f1fedafe2090593d9caf7f
  Typhoon: 486a9507a0d7d674e3dc023e77603fefd02aedd3

COCOAPODS: 0.27.1
