PODS:
  - AFNetworking (1.3.3)
  - Backbeam (0.10.13):
    - AFNetworking (~> 1.3.2)
    - socket.IO (~> 0.4.0)
  - FXBlurView (HEAD based on 1.4.4)
  - MSDynamicsDrawerViewController (1.0.0)
  - PayPal-iOS-SDK (1.3.5)
  - SDWebImage (3.5):
    - SDWebImage/Core
  - SDWebImage/Core (3.5)
  - socket.IO (0.4.0.1):
    - SocketRocket (~> 0.2)
  - SocketRocket (0.3.1-beta2)
  - Typhoon (1.5.3)

DEPENDENCIES:
  - Backbeam (~> 0.10.13)
  - FXBlurView (HEAD)
  - MSDynamicsDrawerViewController (~> 1.0.0)
  - PayPal-iOS-SDK (~> 1.3.5)
  - SDWebImage (~> 3.5)
  - Typhoon (~> 1.5.3)

SPEC CHECKSUMS:
  AFNetworking: 0700ec7a58c36ad217173e167f6e4df7270df66b
  Backbeam: 67436cb9f1133a9d53f3e2ff8a2d581d3cd4fae6
  FXBlurView: bd4c9209f4415ec41138acabaa18cd0f87ecd49e
  MSDynamicsDrawerViewController: ae0dec8b54cf08efdfb3c6e8dfa95fb223218223
  PayPal-iOS-SDK: 869131d4ca39d28153de00fe1649378671bb4c44
  SDWebImage: f1a72472f8a2d54445f1fedafe2090593d9caf7f
  socket.IO: 88132f82db2700840686a8b0de68875eadca2009
  SocketRocket: 7ac946bcce46287a791dfff3c1f8daa692821dae
  Typhoon: 486a9507a0d7d674e3dc023e77603fefd02aedd3

COCOAPODS: 0.27.1
