<?xml version="1.0" encoding="UTF-8"?>
<!DOCTYPE plist PUBLIC "-//Apple//DTD PLIST 1.0//EN" "http://www.apple.com/DTDs/PropertyList-1.0.dtd">
<plist version="1.0">
<dict>
	<key>archiveVersion</key>
	<string>1</string>
	<key>classes</key>
	<dict/>
	<key>objectVersion</key>
	<string>46</string>
	<key>objects</key>
	<dict>
		<key>4AA58D16183818C200B51AEA</key>
		<dict>
			<key>children</key>
			<array>
				<string>4AA58D28183818C300B51AEA</string>
				<string>4AA58D47183818C300B51AEA</string>
				<string>4AA58D21183818C300B51AEA</string>
				<string>4AA58D20183818C300B51AEA</string>
				<string>8A274BCFBFD94335944B02E8</string>
			</array>
			<key>isa</key>
			<string>PBXGroup</string>
			<key>sourceTree</key>
			<string>&lt;group&gt;</string>
		</dict>
		<key>4AA58D17183818C200B51AEA</key>
		<dict>
			<key>attributes</key>
			<dict>
				<key>CLASSPREFIX</key>
				<string>RUR</string>
				<key>LastUpgradeCheck</key>
				<string>0500</string>
				<key>ORGANIZATIONNAME</key>
				<string>The Synthesizers</string>
				<key>TargetAttributes</key>
				<dict>
					<key>4AA58D3F183818C300B51AEA</key>
					<dict>
						<key>TestTargetID</key>
						<string>4AA58D1E183818C200B51AEA</string>
					</dict>
				</dict>
			</dict>
			<key>buildConfigurationList</key>
			<string>4AA58D1A183818C200B51AEA</string>
			<key>compatibilityVersion</key>
			<string>Xcode 3.2</string>
			<key>developmentRegion</key>
			<string>English</string>
			<key>hasScannedForEncodings</key>
			<string>0</string>
			<key>isa</key>
			<string>PBXProject</string>
			<key>knownRegions</key>
			<array>
				<string>en</string>
				<string>Base</string>
			</array>
			<key>mainGroup</key>
			<string>4AA58D16183818C200B51AEA</string>
			<key>productRefGroup</key>
			<string>4AA58D20183818C300B51AEA</string>
			<key>projectDirPath</key>
			<string></string>
			<key>projectReferences</key>
			<array/>
			<key>projectRoot</key>
			<string></string>
			<key>targets</key>
			<array>
				<string>4AA58D1E183818C200B51AEA</string>
				<string>4AA58D3F183818C300B51AEA</string>
			</array>
		</dict>
		<key>4AA58D1A183818C200B51AEA</key>
		<dict>
			<key>buildConfigurations</key>
			<array>
				<string>4AA58D4F183818C300B51AEA</string>
				<string>4AA58D50183818C300B51AEA</string>
			</array>
			<key>defaultConfigurationIsVisible</key>
			<string>0</string>
			<key>defaultConfigurationName</key>
			<string>Release</string>
			<key>isa</key>
			<string>XCConfigurationList</string>
		</dict>
		<key>4AA58D1B183818C200B51AEA</key>
		<dict>
			<key>buildActionMask</key>
			<string>2147483647</string>
			<key>files</key>
			<array>
				<string>4AA58D39183818C300B51AEA</string>
				<string>4AA58D33183818C300B51AEA</string>
				<string>4AA58D2F183818C300B51AEA</string>
			</array>
			<key>isa</key>
			<string>PBXSourcesBuildPhase</string>
			<key>runOnlyForDeploymentPostprocessing</key>
			<string>0</string>
		</dict>
		<key>4AA58D1C183818C200B51AEA</key>
		<dict>
			<key>buildActionMask</key>
			<string>2147483647</string>
			<key>files</key>
			<array>
				<string>4AA58D25183818C300B51AEA</string>
				<string>4AA58D27183818C300B51AEA</string>
				<string>4AA58D23183818C300B51AEA</string>
				<string>9AA316FBBB354E90908299CA</string>
			</array>
			<key>isa</key>
			<string>PBXFrameworksBuildPhase</string>
			<key>runOnlyForDeploymentPostprocessing</key>
			<string>0</string>
		</dict>
		<key>4AA58D1D183818C200B51AEA</key>
		<dict>
			<key>buildActionMask</key>
			<string>2147483647</string>
			<key>files</key>
			<array>
				<string>4AA58D3B183818C300B51AEA</string>
				<string>4AA58D2D183818C300B51AEA</string>
				<string>4AA58D36183818C300B51AEA</string>
			</array>
			<key>isa</key>
			<string>PBXResourcesBuildPhase</string>
			<key>runOnlyForDeploymentPostprocessing</key>
			<string>0</string>
		</dict>
		<key>4AA58D1E183818C200B51AEA</key>
		<dict>
			<key>buildConfigurationList</key>
			<string>4AA58D51183818C300B51AEA</string>
			<key>buildPhases</key>
			<array>
				<string>DF09D7790CDB418C9D579E4A</string>
				<string>4AA58D1B183818C200B51AEA</string>
				<string>4AA58D1C183818C200B51AEA</string>
				<string>4AA58D1D183818C200B51AEA</string>
				<string>F65E4C257B6941F785EF9AF8</string>
			</array>
			<key>buildRules</key>
			<array/>
			<key>dependencies</key>
			<array/>
			<key>isa</key>
			<string>PBXNativeTarget</string>
			<key>name</key>
			<string>FinalBattleHack</string>
			<key>productName</key>
			<string>FinalBattleHack</string>
			<key>productReference</key>
			<string>4AA58D1F183818C300B51AEA</string>
			<key>productType</key>
			<string>com.apple.product-type.application</string>
		</dict>
		<key>4AA58D1F183818C300B51AEA</key>
		<dict>
			<key>explicitFileType</key>
			<string>wrapper.application</string>
			<key>includeInIndex</key>
			<string>0</string>
			<key>isa</key>
			<string>PBXFileReference</string>
			<key>path</key>
			<string>FinalBattleHack.app</string>
			<key>sourceTree</key>
			<string>BUILT_PRODUCTS_DIR</string>
		</dict>
		<key>4AA58D20183818C300B51AEA</key>
		<dict>
			<key>children</key>
			<array>
				<string>4AA58D1F183818C300B51AEA</string>
				<string>4AA58D40183818C300B51AEA</string>
			</array>
			<key>isa</key>
			<string>PBXGroup</string>
			<key>name</key>
			<string>Products</string>
			<key>sourceTree</key>
			<string>&lt;group&gt;</string>
		</dict>
		<key>4AA58D21183818C300B51AEA</key>
		<dict>
			<key>children</key>
			<array>
				<string>4AA58D22183818C300B51AEA</string>
				<string>4AA58D24183818C300B51AEA</string>
				<string>4AA58D26183818C300B51AEA</string>
				<string>4AA58D41183818C300B51AEA</string>
				<string>979064809C8F41ACAB5BFFE3</string>
			</array>
			<key>isa</key>
			<string>PBXGroup</string>
			<key>name</key>
			<string>Frameworks</string>
			<key>sourceTree</key>
			<string>&lt;group&gt;</string>
		</dict>
		<key>4AA58D22183818C300B51AEA</key>
		<dict>
			<key>isa</key>
			<string>PBXFileReference</string>
			<key>lastKnownFileType</key>
			<string>wrapper.framework</string>
			<key>name</key>
			<string>Foundation.framework</string>
			<key>path</key>
			<string>System/Library/Frameworks/Foundation.framework</string>
			<key>sourceTree</key>
			<string>SDKROOT</string>
		</dict>
		<key>4AA58D23183818C300B51AEA</key>
		<dict>
			<key>fileRef</key>
			<string>4AA58D22183818C300B51AEA</string>
			<key>isa</key>
			<string>PBXBuildFile</string>
		</dict>
		<key>4AA58D24183818C300B51AEA</key>
		<dict>
			<key>isa</key>
			<string>PBXFileReference</string>
			<key>lastKnownFileType</key>
			<string>wrapper.framework</string>
			<key>name</key>
			<string>CoreGraphics.framework</string>
			<key>path</key>
			<string>System/Library/Frameworks/CoreGraphics.framework</string>
			<key>sourceTree</key>
			<string>SDKROOT</string>
		</dict>
		<key>4AA58D25183818C300B51AEA</key>
		<dict>
			<key>fileRef</key>
			<string>4AA58D24183818C300B51AEA</string>
			<key>isa</key>
			<string>PBXBuildFile</string>
		</dict>
		<key>4AA58D26183818C300B51AEA</key>
		<dict>
			<key>isa</key>
			<string>PBXFileReference</string>
			<key>lastKnownFileType</key>
			<string>wrapper.framework</string>
			<key>name</key>
			<string>UIKit.framework</string>
			<key>path</key>
			<string>System/Library/Frameworks/UIKit.framework</string>
			<key>sourceTree</key>
			<string>SDKROOT</string>
		</dict>
		<key>4AA58D27183818C300B51AEA</key>
		<dict>
			<key>fileRef</key>
			<string>4AA58D26183818C300B51AEA</string>
			<key>isa</key>
			<string>PBXBuildFile</string>
		</dict>
		<key>4AA58D28183818C300B51AEA</key>
		<dict>
			<key>children</key>
			<array>
				<string>4AA58D31183818C300B51AEA</string>
				<string>4AA58D32183818C300B51AEA</string>
				<string>4AA58D34183818C300B51AEA</string>
				<string>4AA58D37183818C300B51AEA</string>
				<string>4AA58D38183818C300B51AEA</string>
				<string>4AA58D3A183818C300B51AEA</string>
				<string>4AA58D29183818C300B51AEA</string>
			</array>
			<key>isa</key>
			<string>PBXGroup</string>
			<key>path</key>
			<string>FinalBattleHack</string>
			<key>sourceTree</key>
			<string>&lt;group&gt;</string>
		</dict>
		<key>4AA58D29183818C300B51AEA</key>
		<dict>
			<key>children</key>
			<array>
				<string>4AA58D2A183818C300B51AEA</string>
				<string>4AA58D2B183818C300B51AEA</string>
				<string>4AA58D2E183818C300B51AEA</string>
				<string>4AA58D30183818C300B51AEA</string>
			</array>
			<key>isa</key>
			<string>PBXGroup</string>
			<key>name</key>
			<string>Supporting Files</string>
			<key>sourceTree</key>
			<string>&lt;group&gt;</string>
		</dict>
		<key>4AA58D2A183818C300B51AEA</key>
		<dict>
			<key>isa</key>
			<string>PBXFileReference</string>
			<key>lastKnownFileType</key>
			<string>text.plist.xml</string>
			<key>path</key>
			<string>FinalBattleHack-Info.plist</string>
			<key>sourceTree</key>
			<string>&lt;group&gt;</string>
		</dict>
		<key>4AA58D2B183818C300B51AEA</key>
		<dict>
			<key>children</key>
			<array>
				<string>4AA58D2C183818C300B51AEA</string>
			</array>
			<key>isa</key>
			<string>PBXVariantGroup</string>
			<key>name</key>
			<string>InfoPlist.strings</string>
			<key>sourceTree</key>
			<string>&lt;group&gt;</string>
		</dict>
		<key>4AA58D2C183818C300B51AEA</key>
		<dict>
			<key>isa</key>
			<string>PBXFileReference</string>
			<key>lastKnownFileType</key>
			<string>text.plist.strings</string>
			<key>name</key>
			<string>en</string>
			<key>path</key>
			<string>en.lproj/InfoPlist.strings</string>
			<key>sourceTree</key>
			<string>&lt;group&gt;</string>
		</dict>
		<key>4AA58D2D183818C300B51AEA</key>
		<dict>
			<key>fileRef</key>
			<string>4AA58D2B183818C300B51AEA</string>
			<key>isa</key>
			<string>PBXBuildFile</string>
		</dict>
		<key>4AA58D2E183818C300B51AEA</key>
		<dict>
			<key>isa</key>
			<string>PBXFileReference</string>
			<key>lastKnownFileType</key>
			<string>sourcecode.c.objc</string>
			<key>path</key>
			<string>main.m</string>
			<key>sourceTree</key>
			<string>&lt;group&gt;</string>
		</dict>
		<key>4AA58D2F183818C300B51AEA</key>
		<dict>
			<key>fileRef</key>
			<string>4AA58D2E183818C300B51AEA</string>
			<key>isa</key>
			<string>PBXBuildFile</string>
		</dict>
		<key>4AA58D30183818C300B51AEA</key>
		<dict>
			<key>isa</key>
			<string>PBXFileReference</string>
			<key>lastKnownFileType</key>
			<string>sourcecode.c.h</string>
			<key>path</key>
			<string>FinalBattleHack-Prefix.pch</string>
			<key>sourceTree</key>
			<string>&lt;group&gt;</string>
		</dict>
		<key>4AA58D31183818C300B51AEA</key>
		<dict>
			<key>isa</key>
			<string>PBXFileReference</string>
			<key>lastKnownFileType</key>
			<string>sourcecode.c.h</string>
			<key>path</key>
			<string>RURAppDelegate.h</string>
			<key>sourceTree</key>
			<string>&lt;group&gt;</string>
		</dict>
		<key>4AA58D32183818C300B51AEA</key>
		<dict>
			<key>isa</key>
			<string>PBXFileReference</string>
			<key>lastKnownFileType</key>
			<string>sourcecode.c.objc</string>
			<key>path</key>
			<string>RURAppDelegate.m</string>
			<key>sourceTree</key>
			<string>&lt;group&gt;</string>
		</dict>
		<key>4AA58D33183818C300B51AEA</key>
		<dict>
			<key>fileRef</key>
			<string>4AA58D32183818C300B51AEA</string>
			<key>isa</key>
			<string>PBXBuildFile</string>
		</dict>
		<key>4AA58D34183818C300B51AEA</key>
		<dict>
			<key>children</key>
			<array>
				<string>4AA58D35183818C300B51AEA</string>
			</array>
			<key>isa</key>
			<string>PBXVariantGroup</string>
			<key>name</key>
			<string>Main.storyboard</string>
			<key>sourceTree</key>
			<string>&lt;group&gt;</string>
		</dict>
		<key>4AA58D35183818C300B51AEA</key>
		<dict>
			<key>isa</key>
			<string>PBXFileReference</string>
			<key>lastKnownFileType</key>
			<string>file.storyboard</string>
			<key>name</key>
			<string>Base</string>
			<key>path</key>
			<string>Base.lproj/Main.storyboard</string>
			<key>sourceTree</key>
			<string>&lt;group&gt;</string>
		</dict>
		<key>4AA58D36183818C300B51AEA</key>
		<dict>
			<key>fileRef</key>
			<string>4AA58D34183818C300B51AEA</string>
			<key>isa</key>
			<string>PBXBuildFile</string>
		</dict>
		<key>4AA58D37183818C300B51AEA</key>
		<dict>
			<key>isa</key>
			<string>PBXFileReference</string>
			<key>lastKnownFileType</key>
			<string>sourcecode.c.h</string>
			<key>path</key>
			<string>RURViewController.h</string>
			<key>sourceTree</key>
			<string>&lt;group&gt;</string>
		</dict>
		<key>4AA58D38183818C300B51AEA</key>
		<dict>
			<key>isa</key>
			<string>PBXFileReference</string>
			<key>lastKnownFileType</key>
			<string>sourcecode.c.objc</string>
			<key>path</key>
			<string>RURViewController.m</string>
			<key>sourceTree</key>
			<string>&lt;group&gt;</string>
		</dict>
		<key>4AA58D39183818C300B51AEA</key>
		<dict>
			<key>fileRef</key>
			<string>4AA58D38183818C300B51AEA</string>
			<key>isa</key>
			<string>PBXBuildFile</string>
		</dict>
		<key>4AA58D3A183818C300B51AEA</key>
		<dict>
			<key>isa</key>
			<string>PBXFileReference</string>
			<key>lastKnownFileType</key>
			<string>folder.assetcatalog</string>
			<key>path</key>
			<string>Images.xcassets</string>
			<key>sourceTree</key>
			<string>&lt;group&gt;</string>
		</dict>
		<key>4AA58D3B183818C300B51AEA</key>
		<dict>
			<key>fileRef</key>
			<string>4AA58D3A183818C300B51AEA</string>
			<key>isa</key>
			<string>PBXBuildFile</string>
		</dict>
		<key>4AA58D3C183818C300B51AEA</key>
		<dict>
			<key>buildActionMask</key>
			<string>2147483647</string>
			<key>files</key>
			<array>
				<string>4AA58D4E183818C300B51AEA</string>
			</array>
			<key>isa</key>
			<string>PBXSourcesBuildPhase</string>
			<key>runOnlyForDeploymentPostprocessing</key>
			<string>0</string>
		</dict>
		<key>4AA58D3D183818C300B51AEA</key>
		<dict>
			<key>buildActionMask</key>
			<string>2147483647</string>
			<key>files</key>
			<array>
				<string>4AA58D42183818C300B51AEA</string>
				<string>4AA58D44183818C300B51AEA</string>
				<string>4AA58D43183818C300B51AEA</string>
			</array>
			<key>isa</key>
			<string>PBXFrameworksBuildPhase</string>
			<key>runOnlyForDeploymentPostprocessing</key>
			<string>0</string>
		</dict>
		<key>4AA58D3E183818C300B51AEA</key>
		<dict>
			<key>buildActionMask</key>
			<string>2147483647</string>
			<key>files</key>
			<array>
				<string>4AA58D4C183818C300B51AEA</string>
			</array>
			<key>isa</key>
			<string>PBXResourcesBuildPhase</string>
			<key>runOnlyForDeploymentPostprocessing</key>
			<string>0</string>
		</dict>
		<key>4AA58D3F183818C300B51AEA</key>
		<dict>
			<key>buildConfigurationList</key>
			<string>4AA58D54183818C300B51AEA</string>
			<key>buildPhases</key>
			<array>
				<string>4AA58D3C183818C300B51AEA</string>
				<string>4AA58D3D183818C300B51AEA</string>
				<string>4AA58D3E183818C300B51AEA</string>
			</array>
			<key>buildRules</key>
			<array/>
			<key>dependencies</key>
			<array>
				<string>4AA58D46183818C300B51AEA</string>
			</array>
			<key>isa</key>
			<string>PBXNativeTarget</string>
			<key>name</key>
			<string>FinalBattleHackTests</string>
			<key>productName</key>
			<string>FinalBattleHackTests</string>
			<key>productReference</key>
			<string>4AA58D40183818C300B51AEA</string>
			<key>productType</key>
			<string>com.apple.product-type.bundle.unit-test</string>
		</dict>
		<key>4AA58D40183818C300B51AEA</key>
		<dict>
			<key>explicitFileType</key>
			<string>wrapper.cfbundle</string>
			<key>includeInIndex</key>
			<string>0</string>
			<key>isa</key>
			<string>PBXFileReference</string>
			<key>path</key>
			<string>FinalBattleHackTests.xctest</string>
			<key>sourceTree</key>
			<string>BUILT_PRODUCTS_DIR</string>
		</dict>
		<key>4AA58D41183818C300B51AEA</key>
		<dict>
			<key>isa</key>
			<string>PBXFileReference</string>
			<key>lastKnownFileType</key>
			<string>wrapper.framework</string>
			<key>name</key>
			<string>XCTest.framework</string>
			<key>path</key>
			<string>Library/Frameworks/XCTest.framework</string>
			<key>sourceTree</key>
			<string>DEVELOPER_DIR</string>
		</dict>
		<key>4AA58D42183818C300B51AEA</key>
		<dict>
			<key>fileRef</key>
			<string>4AA58D41183818C300B51AEA</string>
			<key>isa</key>
			<string>PBXBuildFile</string>
		</dict>
		<key>4AA58D43183818C300B51AEA</key>
		<dict>
			<key>fileRef</key>
			<string>4AA58D22183818C300B51AEA</string>
			<key>isa</key>
			<string>PBXBuildFile</string>
		</dict>
		<key>4AA58D44183818C300B51AEA</key>
		<dict>
			<key>fileRef</key>
			<string>4AA58D26183818C300B51AEA</string>
			<key>isa</key>
			<string>PBXBuildFile</string>
		</dict>
		<key>4AA58D45183818C300B51AEA</key>
		<dict>
			<key>containerPortal</key>
			<string>4AA58D17183818C200B51AEA</string>
			<key>isa</key>
			<string>PBXContainerItemProxy</string>
			<key>proxyType</key>
			<string>1</string>
			<key>remoteGlobalIDString</key>
			<string>4AA58D1E183818C200B51AEA</string>
			<key>remoteInfo</key>
			<string>FinalBattleHack</string>
		</dict>
		<key>4AA58D46183818C300B51AEA</key>
		<dict>
			<key>isa</key>
			<string>PBXTargetDependency</string>
			<key>target</key>
			<string>4AA58D1E183818C200B51AEA</string>
			<key>targetProxy</key>
			<string>4AA58D45183818C300B51AEA</string>
		</dict>
		<key>4AA58D47183818C300B51AEA</key>
		<dict>
			<key>children</key>
			<array>
				<string>4AA58D4D183818C300B51AEA</string>
				<string>4AA58D48183818C300B51AEA</string>
			</array>
			<key>isa</key>
			<string>PBXGroup</string>
			<key>path</key>
			<string>FinalBattleHackTests</string>
			<key>sourceTree</key>
			<string>&lt;group&gt;</string>
		</dict>
		<key>4AA58D48183818C300B51AEA</key>
		<dict>
			<key>children</key>
			<array>
				<string>4AA58D49183818C300B51AEA</string>
				<string>4AA58D4A183818C300B51AEA</string>
			</array>
			<key>isa</key>
			<string>PBXGroup</string>
			<key>name</key>
			<string>Supporting Files</string>
			<key>sourceTree</key>
			<string>&lt;group&gt;</string>
		</dict>
		<key>4AA58D49183818C300B51AEA</key>
		<dict>
			<key>isa</key>
			<string>PBXFileReference</string>
			<key>lastKnownFileType</key>
			<string>text.plist.xml</string>
			<key>path</key>
			<string>FinalBattleHackTests-Info.plist</string>
			<key>sourceTree</key>
			<string>&lt;group&gt;</string>
		</dict>
		<key>4AA58D4A183818C300B51AEA</key>
		<dict>
			<key>children</key>
			<array>
				<string>4AA58D4B183818C300B51AEA</string>
			</array>
			<key>isa</key>
			<string>PBXVariantGroup</string>
			<key>name</key>
			<string>InfoPlist.strings</string>
			<key>sourceTree</key>
			<string>&lt;group&gt;</string>
		</dict>
		<key>4AA58D4B183818C300B51AEA</key>
		<dict>
			<key>isa</key>
			<string>PBXFileReference</string>
			<key>lastKnownFileType</key>
			<string>text.plist.strings</string>
			<key>name</key>
			<string>en</string>
			<key>path</key>
			<string>en.lproj/InfoPlist.strings</string>
			<key>sourceTree</key>
			<string>&lt;group&gt;</string>
		</dict>
		<key>4AA58D4C183818C300B51AEA</key>
		<dict>
			<key>fileRef</key>
			<string>4AA58D4A183818C300B51AEA</string>
			<key>isa</key>
			<string>PBXBuildFile</string>
		</dict>
		<key>4AA58D4D183818C300B51AEA</key>
		<dict>
			<key>isa</key>
			<string>PBXFileReference</string>
			<key>lastKnownFileType</key>
			<string>sourcecode.c.objc</string>
			<key>path</key>
			<string>FinalBattleHackTests.m</string>
			<key>sourceTree</key>
			<string>&lt;group&gt;</string>
		</dict>
		<key>4AA58D4E183818C300B51AEA</key>
		<dict>
			<key>fileRef</key>
			<string>4AA58D4D183818C300B51AEA</string>
			<key>isa</key>
			<string>PBXBuildFile</string>
		</dict>
		<key>4AA58D4F183818C300B51AEA</key>
		<dict>
			<key>buildSettings</key>
			<dict>
				<key>ALWAYS_SEARCH_USER_PATHS</key>
				<string>NO</string>
				<key>ARCHS</key>
				<string>$(ARCHS_STANDARD_INCLUDING_64_BIT)</string>
				<key>CLANG_CXX_LANGUAGE_STANDARD</key>
				<string>gnu++0x</string>
				<key>CLANG_CXX_LIBRARY</key>
				<string>libc++</string>
				<key>CLANG_ENABLE_MODULES</key>
				<string>YES</string>
				<key>CLANG_ENABLE_OBJC_ARC</key>
				<string>YES</string>
				<key>CLANG_WARN_BOOL_CONVERSION</key>
				<string>YES</string>
				<key>CLANG_WARN_CONSTANT_CONVERSION</key>
				<string>YES</string>
				<key>CLANG_WARN_DIRECT_OBJC_ISA_USAGE</key>
				<string>YES_ERROR</string>
				<key>CLANG_WARN_EMPTY_BODY</key>
				<string>YES</string>
				<key>CLANG_WARN_ENUM_CONVERSION</key>
				<string>YES</string>
				<key>CLANG_WARN_INT_CONVERSION</key>
				<string>YES</string>
				<key>CLANG_WARN_OBJC_ROOT_CLASS</key>
				<string>YES_ERROR</string>
				<key>CLANG_WARN__DUPLICATE_METHOD_MATCH</key>
				<string>YES</string>
				<key>CODE_SIGN_IDENTITY[sdk=iphoneos*]</key>
				<string>iPhone Developer</string>
				<key>COPY_PHASE_STRIP</key>
				<string>NO</string>
				<key>GCC_C_LANGUAGE_STANDARD</key>
				<string>gnu99</string>
				<key>GCC_DYNAMIC_NO_PIC</key>
				<string>NO</string>
				<key>GCC_OPTIMIZATION_LEVEL</key>
				<string>0</string>
				<key>GCC_PREPROCESSOR_DEFINITIONS</key>
				<array>
					<string>DEBUG=1</string>
					<string>$(inherited)</string>
				</array>
				<key>GCC_SYMBOLS_PRIVATE_EXTERN</key>
				<string>NO</string>
				<key>GCC_WARN_64_TO_32_BIT_CONVERSION</key>
				<string>YES</string>
				<key>GCC_WARN_ABOUT_RETURN_TYPE</key>
				<string>YES_ERROR</string>
				<key>GCC_WARN_UNDECLARED_SELECTOR</key>
				<string>YES</string>
				<key>GCC_WARN_UNINITIALIZED_AUTOS</key>
				<string>YES</string>
				<key>GCC_WARN_UNUSED_FUNCTION</key>
				<string>YES</string>
				<key>GCC_WARN_UNUSED_VARIABLE</key>
				<string>YES</string>
				<key>IPHONEOS_DEPLOYMENT_TARGET</key>
				<string>7.0</string>
				<key>ONLY_ACTIVE_ARCH</key>
				<string>YES</string>
				<key>SDKROOT</key>
				<string>iphoneos</string>
			</dict>
			<key>isa</key>
			<string>XCBuildConfiguration</string>
			<key>name</key>
			<string>Debug</string>
		</dict>
		<key>4AA58D50183818C300B51AEA</key>
		<dict>
			<key>buildSettings</key>
			<dict>
				<key>ALWAYS_SEARCH_USER_PATHS</key>
				<string>NO</string>
				<key>ARCHS</key>
				<string>$(ARCHS_STANDARD_INCLUDING_64_BIT)</string>
				<key>CLANG_CXX_LANGUAGE_STANDARD</key>
				<string>gnu++0x</string>
				<key>CLANG_CXX_LIBRARY</key>
				<string>libc++</string>
				<key>CLANG_ENABLE_MODULES</key>
				<string>YES</string>
				<key>CLANG_ENABLE_OBJC_ARC</key>
				<string>YES</string>
				<key>CLANG_WARN_BOOL_CONVERSION</key>
				<string>YES</string>
				<key>CLANG_WARN_CONSTANT_CONVERSION</key>
				<string>YES</string>
				<key>CLANG_WARN_DIRECT_OBJC_ISA_USAGE</key>
				<string>YES_ERROR</string>
				<key>CLANG_WARN_EMPTY_BODY</key>
				<string>YES</string>
				<key>CLANG_WARN_ENUM_CONVERSION</key>
				<string>YES</string>
				<key>CLANG_WARN_INT_CONVERSION</key>
				<string>YES</string>
				<key>CLANG_WARN_OBJC_ROOT_CLASS</key>
				<string>YES_ERROR</string>
				<key>CLANG_WARN__DUPLICATE_METHOD_MATCH</key>
				<string>YES</string>
				<key>CODE_SIGN_IDENTITY[sdk=iphoneos*]</key>
				<string>iPhone Developer</string>
				<key>COPY_PHASE_STRIP</key>
				<string>YES</string>
				<key>ENABLE_NS_ASSERTIONS</key>
				<string>NO</string>
				<key>GCC_C_LANGUAGE_STANDARD</key>
				<string>gnu99</string>
				<key>GCC_WARN_64_TO_32_BIT_CONVERSION</key>
				<string>YES</string>
				<key>GCC_WARN_ABOUT_RETURN_TYPE</key>
				<string>YES_ERROR</string>
				<key>GCC_WARN_UNDECLARED_SELECTOR</key>
				<string>YES</string>
				<key>GCC_WARN_UNINITIALIZED_AUTOS</key>
				<string>YES</string>
				<key>GCC_WARN_UNUSED_FUNCTION</key>
				<string>YES</string>
				<key>GCC_WARN_UNUSED_VARIABLE</key>
				<string>YES</string>
				<key>IPHONEOS_DEPLOYMENT_TARGET</key>
				<string>7.0</string>
				<key>SDKROOT</key>
				<string>iphoneos</string>
				<key>VALIDATE_PRODUCT</key>
				<string>YES</string>
			</dict>
			<key>isa</key>
			<string>XCBuildConfiguration</string>
			<key>name</key>
			<string>Release</string>
		</dict>
		<key>4AA58D51183818C300B51AEA</key>
		<dict>
			<key>buildConfigurations</key>
			<array>
				<string>4AA58D52183818C300B51AEA</string>
				<string>4AA58D53183818C300B51AEA</string>
			</array>
			<key>defaultConfigurationIsVisible</key>
			<string>0</string>
			<key>isa</key>
			<string>XCConfigurationList</string>
		</dict>
		<key>4AA58D52183818C300B51AEA</key>
		<dict>
			<key>baseConfigurationReference</key>
			<string>8A274BCFBFD94335944B02E8</string>
			<key>buildSettings</key>
			<dict>
				<key>ASSETCATALOG_COMPILER_APPICON_NAME</key>
				<string>AppIcon</string>
				<key>ASSETCATALOG_COMPILER_LAUNCHIMAGE_NAME</key>
				<string>LaunchImage</string>
				<key>GCC_PRECOMPILE_PREFIX_HEADER</key>
				<string>YES</string>
				<key>GCC_PREFIX_HEADER</key>
				<string>FinalBattleHack/FinalBattleHack-Prefix.pch</string>
				<key>INFOPLIST_FILE</key>
				<string>FinalBattleHack/FinalBattleHack-Info.plist</string>
				<key>PRODUCT_NAME</key>
				<string>$(TARGET_NAME)</string>
				<key>WRAPPER_EXTENSION</key>
				<string>app</string>
			</dict>
			<key>isa</key>
			<string>XCBuildConfiguration</string>
			<key>name</key>
			<string>Debug</string>
		</dict>
		<key>4AA58D53183818C300B51AEA</key>
		<dict>
			<key>baseConfigurationReference</key>
			<string>8A274BCFBFD94335944B02E8</string>
			<key>buildSettings</key>
			<dict>
				<key>ASSETCATALOG_COMPILER_APPICON_NAME</key>
				<string>AppIcon</string>
				<key>ASSETCATALOG_COMPILER_LAUNCHIMAGE_NAME</key>
				<string>LaunchImage</string>
				<key>GCC_PRECOMPILE_PREFIX_HEADER</key>
				<string>YES</string>
				<key>GCC_PREFIX_HEADER</key>
				<string>FinalBattleHack/FinalBattleHack-Prefix.pch</string>
				<key>INFOPLIST_FILE</key>
				<string>FinalBattleHack/FinalBattleHack-Info.plist</string>
				<key>PRODUCT_NAME</key>
				<string>$(TARGET_NAME)</string>
				<key>WRAPPER_EXTENSION</key>
				<string>app</string>
			</dict>
			<key>isa</key>
			<string>XCBuildConfiguration</string>
			<key>name</key>
			<string>Release</string>
		</dict>
		<key>4AA58D54183818C300B51AEA</key>
		<dict>
			<key>buildConfigurations</key>
			<array>
				<string>4AA58D55183818C300B51AEA</string>
				<string>4AA58D56183818C300B51AEA</string>
			</array>
			<key>defaultConfigurationIsVisible</key>
			<string>0</string>
			<key>isa</key>
			<string>XCConfigurationList</string>
		</dict>
		<key>4AA58D55183818C300B51AEA</key>
		<dict>
			<key>buildSettings</key>
			<dict>
				<key>ARCHS</key>
				<string>$(ARCHS_STANDARD_INCLUDING_64_BIT)</string>
				<key>BUNDLE_LOADER</key>
				<string>$(BUILT_PRODUCTS_DIR)/FinalBattleHack.app/FinalBattleHack</string>
				<key>FRAMEWORK_SEARCH_PATHS</key>
				<array>
					<string>$(SDKROOT)/Developer/Library/Frameworks</string>
					<string>$(inherited)</string>
					<string>$(DEVELOPER_FRAMEWORKS_DIR)</string>
				</array>
				<key>GCC_PRECOMPILE_PREFIX_HEADER</key>
				<string>YES</string>
				<key>GCC_PREFIX_HEADER</key>
				<string>FinalBattleHack/FinalBattleHack-Prefix.pch</string>
				<key>GCC_PREPROCESSOR_DEFINITIONS</key>
				<array>
					<string>DEBUG=1</string>
					<string>$(inherited)</string>
				</array>
				<key>INFOPLIST_FILE</key>
				<string>FinalBattleHackTests/FinalBattleHackTests-Info.plist</string>
				<key>PRODUCT_NAME</key>
				<string>$(TARGET_NAME)</string>
				<key>TEST_HOST</key>
				<string>$(BUNDLE_LOADER)</string>
				<key>WRAPPER_EXTENSION</key>
				<string>xctest</string>
			</dict>
			<key>isa</key>
			<string>XCBuildConfiguration</string>
			<key>name</key>
			<string>Debug</string>
		</dict>
		<key>4AA58D56183818C300B51AEA</key>
		<dict>
			<key>buildSettings</key>
			<dict>
				<key>ARCHS</key>
				<string>$(ARCHS_STANDARD_INCLUDING_64_BIT)</string>
				<key>BUNDLE_LOADER</key>
				<string>$(BUILT_PRODUCTS_DIR)/FinalBattleHack.app/FinalBattleHack</string>
				<key>FRAMEWORK_SEARCH_PATHS</key>
				<array>
					<string>$(SDKROOT)/Developer/Library/Frameworks</string>
					<string>$(inherited)</string>
					<string>$(DEVELOPER_FRAMEWORKS_DIR)</string>
				</array>
				<key>GCC_PRECOMPILE_PREFIX_HEADER</key>
				<string>YES</string>
				<key>GCC_PREFIX_HEADER</key>
				<string>FinalBattleHack/FinalBattleHack-Prefix.pch</string>
				<key>INFOPLIST_FILE</key>
				<string>FinalBattleHackTests/FinalBattleHackTests-Info.plist</string>
				<key>PRODUCT_NAME</key>
				<string>$(TARGET_NAME)</string>
				<key>TEST_HOST</key>
				<string>$(BUNDLE_LOADER)</string>
				<key>WRAPPER_EXTENSION</key>
				<string>xctest</string>
			</dict>
			<key>isa</key>
			<string>XCBuildConfiguration</string>
			<key>name</key>
			<string>Release</string>
		</dict>
		<key>8A274BCFBFD94335944B02E8</key>
		<dict>
			<key>includeInIndex</key>
			<string>1</string>
			<key>isa</key>
			<string>PBXFileReference</string>
			<key>lastKnownFileType</key>
			<string>text.xcconfig</string>
			<key>name</key>
			<string>Pods.xcconfig</string>
			<key>path</key>
			<string>Pods/Pods.xcconfig</string>
			<key>sourceTree</key>
			<string>&lt;group&gt;</string>
		</dict>
		<key>979064809C8F41ACAB5BFFE3</key>
		<dict>
			<key>explicitFileType</key>
			<string>archive.ar</string>
			<key>includeInIndex</key>
			<string>0</string>
			<key>isa</key>
			<string>PBXFileReference</string>
			<key>path</key>
			<string>libPods.a</string>
			<key>sourceTree</key>
			<string>BUILT_PRODUCTS_DIR</string>
		</dict>
		<key>9AA316FBBB354E90908299CA</key>
		<dict>
			<key>fileRef</key>
			<string>979064809C8F41ACAB5BFFE3</string>
			<key>isa</key>
			<string>PBXBuildFile</string>
		</dict>
		<key>DF09D7790CDB418C9D579E4A</key>
		<dict>
			<key>buildActionMask</key>
			<string>2147483647</string>
			<key>files</key>
			<array/>
			<key>inputPaths</key>
			<array/>
			<key>isa</key>
			<string>PBXShellScriptBuildPhase</string>
			<key>name</key>
			<string>Check Pods Manifest.lock</string>
			<key>outputPaths</key>
			<array/>
			<key>runOnlyForDeploymentPostprocessing</key>
			<string>0</string>
			<key>shellPath</key>
			<string>/bin/sh</string>
			<key>shellScript</key>
			<string>diff "${PODS_ROOT}/../Podfile.lock" "${PODS_ROOT}/Manifest.lock" &gt; /dev/null
if [[ $? != 0 ]] ; then
    cat &lt;&lt; EOM
error: The sandbox is not in sync with the Podfile.lock. Run 'pod install' or update your CocoaPods installation.
EOM
    exit 1
fi
</string>
			<key>showEnvVarsInLog</key>
			<string>0</string>
		</dict>
		<key>F65E4C257B6941F785EF9AF8</key>
		<dict>
			<key>buildActionMask</key>
			<string>2147483647</string>
			<key>files</key>
			<array/>
			<key>inputPaths</key>
			<array/>
			<key>isa</key>
			<string>PBXShellScriptBuildPhase</string>
			<key>name</key>
			<string>Copy Pods Resources</string>
			<key>outputPaths</key>
			<array/>
			<key>runOnlyForDeploymentPostprocessing</key>
			<string>0</string>
			<key>shellPath</key>
			<string>/bin/sh</string>
			<key>shellScript</key>
			<string>"${SRCROOT}/Pods/Pods-resources.sh"
</string>
			<key>showEnvVarsInLog</key>
			<string>0</string>
		</dict>
	</dict>
	<key>rootObject</key>
	<string>4AA58D17183818C200B51AEA</string>
</dict>
</plist>
