// !$*UTF8*$!
{
	archiveVersion = 1;
	classes = {
	};
	objectVersion = 46;
	objects = {

/* Begin PBXBuildFile section */
		2D2091021838947000B2FCF9 /* RURConfirmationSendViewController.m in Sources */ = {isa = PBXBuildFile; fileRef = 2D2091001838947000B2FCF9 /* RURConfirmationSendViewController.m */; };
		2D2091031838947000B2FCF9 /* RURConfirmationSendViewController.xib in Resources */ = {isa = PBXBuildFile; fileRef = 2D2091011838947000B2FCF9 /* RURConfirmationSendViewController.xib */; };
		2D2091061838A4A000B2FCF9 /* deselected.png in Resources */ = {isa = PBXBuildFile; fileRef = 2D2091041838A4A000B2FCF9 /* deselected.png */; };
		2D2091071838A4A000B2FCF9 /* backgroundSelected.png in Resources */ = {isa = PBXBuildFile; fileRef = 2D2091051838A4A000B2FCF9 /* backgroundSelected.png */; };
		2DA49C7218384D7000772064 /* RURProfileVC.xib in Resources */ = {isa = PBXBuildFile; fileRef = 2DA49C6F18384D7000772064 /* RURProfileVC.xib */; };
		2DA49C7318384D7000772064 /* RURProfileVC.m in Sources */ = {isa = PBXBuildFile; fileRef = 2DA49C7118384D7000772064 /* RURProfileVC.m */; };
		4A229F701838331C0041724D /* RUR_dev.properties in Resources */ = {isa = PBXBuildFile; fileRef = 4A229F6F1838331C0041724D /* RUR_dev.properties */; };
		4A229F72183833250041724D /* Images.xcassets in Resources */ = {isa = PBXBuildFile; fileRef = 4A229F71183833250041724D /* Images.xcassets */; };
		4A229F801838432E0041724D /* MapKit.framework in Frameworks */ = {isa = PBXBuildFile; fileRef = 4A229F7F1838432E0041724D /* MapKit.framework */; };
		4A229F9418384A9C0041724D /* RURPurchasesVC.m in Sources */ = {isa = PBXBuildFile; fileRef = 4A229F9218384A9C0041724D /* RURPurchasesVC.m */; };
		4A229F9518384A9C0041724D /* RURPurchasesVC.xib in Resources */ = {isa = PBXBuildFile; fileRef = 4A229F9318384A9C0041724D /* RURPurchasesVC.xib */; };
		4A229F9A18384AD00041724D /* RURShopsMapVC.m in Sources */ = {isa = PBXBuildFile; fileRef = 4A229F9818384AD00041724D /* RURShopsMapVC.m */; };
		4A229F9B18384AD00041724D /* RURShopsMapVC.xib in Resources */ = {isa = PBXBuildFile; fileRef = 4A229F9918384AD00041724D /* RURShopsMapVC.xib */; };
		4A229F9F18384AEB0041724D /* RURDetalProductVC.m in Sources */ = {isa = PBXBuildFile; fileRef = 4A229F9D18384AEB0041724D /* RURDetalProductVC.m */; };
		4A229FA018384AEB0041724D /* RURDetalProductVC.xib in Resources */ = {isa = PBXBuildFile; fileRef = 4A229F9E18384AEB0041724D /* RURDetalProductVC.xib */; };
		4A229FA918384B1A0041724D /* CollectionViewCell.xib in Resources */ = {isa = PBXBuildFile; fileRef = 4A229FA118384B1A0041724D /* CollectionViewCell.xib */; };
		4A229FAA18384B1A0041724D /* HeaderView.xib in Resources */ = {isa = PBXBuildFile; fileRef = 4A229FA218384B1A0041724D /* HeaderView.xib */; };
		4A229FAB18384B1A0041724D /* RURHeaderView.m in Sources */ = {isa = PBXBuildFile; fileRef = 4A229FA418384B1A0041724D /* RURHeaderView.m */; };
		4A229FAC18384B1A0041724D /* RURProductCatalogVC.m in Sources */ = {isa = PBXBuildFile; fileRef = 4A229FA618384B1A0041724D /* RURProductCatalogVC.m */; };
		4A229FAD18384B1A0041724D /* RURProductCatalogVC.xib in Resources */ = {isa = PBXBuildFile; fileRef = 4A229FA718384B1A0041724D /* RURProductCatalogVC.xib */; };
		4A229FAE18384B1A0041724D /* Tienda.jpeg in Resources */ = {isa = PBXBuildFile; fileRef = 4A229FA818384B1A0041724D /* Tienda.jpeg */; };
		4A229FB218384B310041724D /* RURDetailShopVC.m in Sources */ = {isa = PBXBuildFile; fileRef = 4A229FB018384B310041724D /* RURDetailShopVC.m */; };
		4A229FB318384B310041724D /* RURDetailShopVC.xib in Resources */ = {isa = PBXBuildFile; fileRef = 4A229FB118384B310041724D /* RURDetailShopVC.xib */; };
		4A78EA661838700800E7933B /* RURCustomAnnotation.m in Sources */ = {isa = PBXBuildFile; fileRef = 4A78EA651838700800E7933B /* RURCustomAnnotation.m */; };
		4A78EA681838703000E7933B /* CoreLocation.framework in Frameworks */ = {isa = PBXBuildFile; fileRef = 4A78EA671838703000E7933B /* CoreLocation.framework */; };
		4A78EA6D183885B000E7933B /* BackgroundButton.png in Resources */ = {isa = PBXBuildFile; fileRef = 4A78EA69183885B000E7933B /* BackgroundButton.png */; };
		4A78EA6E183885B000E7933B /* button-blue.png in Resources */ = {isa = PBXBuildFile; fileRef = 4A78EA6A183885B000E7933B /* button-blue.png */; };
		4A78EA6F183885B000E7933B /* button-empty.png in Resources */ = {isa = PBXBuildFile; fileRef = 4A78EA6B183885B000E7933B /* button-empty.png */; };
		4A78EA70183885B000E7933B /* button-plain@2x.png in Resources */ = {isa = PBXBuildFile; fileRef = 4A78EA6C183885B000E7933B /* button-plain@2x.png */; };
		4A8DD68A18381D7100E603E5 /* RURAppDelegate.m in Sources */ = {isa = PBXBuildFile; fileRef = 4A8DD68818381D7100E603E5 /* RURAppDelegate.m */; };
		4A8DD68E18381DD000E603E5 /* RURAssembly.m in Sources */ = {isa = PBXBuildFile; fileRef = 4A8DD68D18381DD000E603E5 /* RURAssembly.m */; };
		4A8DD69218381E9100E603E5 /* RURUser.m in Sources */ = {isa = PBXBuildFile; fileRef = 4A8DD69118381E9100E603E5 /* RURUser.m */; };
		4A8DD69618381EDC00E603E5 /* UIViewController+UserAdditions.m in Sources */ = {isa = PBXBuildFile; fileRef = 4A8DD69518381EDC00E603E5 /* UIViewController+UserAdditions.m */; };
		4AA58D23183818C300B51AEA /* Foundation.framework in Frameworks */ = {isa = PBXBuildFile; fileRef = 4AA58D22183818C300B51AEA /* Foundation.framework */; };
		4AA58D25183818C300B51AEA /* CoreGraphics.framework in Frameworks */ = {isa = PBXBuildFile; fileRef = 4AA58D24183818C300B51AEA /* CoreGraphics.framework */; };
		4AA58D27183818C300B51AEA /* UIKit.framework in Frameworks */ = {isa = PBXBuildFile; fileRef = 4AA58D26183818C300B51AEA /* UIKit.framework */; };
		4AA58D2D183818C300B51AEA /* InfoPlist.strings in Resources */ = {isa = PBXBuildFile; fileRef = 4AA58D2B183818C300B51AEA /* InfoPlist.strings */; };
		4AA58D2F183818C300B51AEA /* main.m in Sources */ = {isa = PBXBuildFile; fileRef = 4AA58D2E183818C300B51AEA /* main.m */; };
		4AA58D42183818C300B51AEA /* XCTest.framework in Frameworks */ = {isa = PBXBuildFile; fileRef = 4AA58D41183818C300B51AEA /* XCTest.framework */; };
		4AA58D43183818C300B51AEA /* Foundation.framework in Frameworks */ = {isa = PBXBuildFile; fileRef = 4AA58D22183818C300B51AEA /* Foundation.framework */; };
		4AA58D44183818C300B51AEA /* UIKit.framework in Frameworks */ = {isa = PBXBuildFile; fileRef = 4AA58D26183818C300B51AEA /* UIKit.framework */; };
		4AA58D4C183818C300B51AEA /* InfoPlist.strings in Resources */ = {isa = PBXBuildFile; fileRef = 4AA58D4A183818C300B51AEA /* InfoPlist.strings */; };
		4AA58D4E183818C300B51AEA /* FinalBattleHackTests.m in Sources */ = {isa = PBXBuildFile; fileRef = 4AA58D4D183818C300B51AEA /* FinalBattleHackTests.m */; };
		9AA316FBBB354E90908299CA /* libPods.a in Frameworks */ = {isa = PBXBuildFile; fileRef = 979064809C8F41ACAB5BFFE3 /* libPods.a */; };
		BB387C7C1838A42500ADB6FE /* RUR_Shop.m in Sources */ = {isa = PBXBuildFile; fileRef = BB387C7B1838A42500ADB6FE /* RUR_Shop.m */; };
		BB387C811838B2C800ADB6FE /* LeftRevealIcon.png in Resources */ = {isa = PBXBuildFile; fileRef = BB387C7D1838B2C800ADB6FE /* LeftRevealIcon.png */; };
		BB387C821838B2C800ADB6FE /* LeftRevealIcon@2x.png in Resources */ = {isa = PBXBuildFile; fileRef = BB387C7E1838B2C800ADB6FE /* LeftRevealIcon@2x.png */; };
		BB387C831838B2C800ADB6FE /* RightRevealIcon.png in Resources */ = {isa = PBXBuildFile; fileRef = BB387C7F1838B2C800ADB6FE /* RightRevealIcon.png */; };
		BB387C841838B2C800ADB6FE /* RightRevealIcon@2x.png in Resources */ = {isa = PBXBuildFile; fileRef = BB387C801838B2C800ADB6FE /* RightRevealIcon@2x.png */; };
		BB4C31D21838774A00E25BF5 /* TestAvatar.jpeg in Resources */ = {isa = PBXBuildFile; fileRef = BB4C31D11838774A00E25BF5 /* TestAvatar.jpeg */; };
		BB4C31D51838776E00E25BF5 /* activityIcon.png in Resources */ = {isa = PBXBuildFile; fileRef = BB4C31D31838776E00E25BF5 /* activityIcon.png */; };
		BB4C31D61838776E00E25BF5 /* payWithPassIcon.png in Resources */ = {isa = PBXBuildFile; fileRef = BB4C31D41838776E00E25BF5 /* payWithPassIcon.png */; };
/* End PBXBuildFile section */

/* Begin PBXContainerItemProxy section */
		4AA58D45183818C300B51AEA /* PBXContainerItemProxy */ = {
			isa = PBXContainerItemProxy;
			containerPortal = 4AA58D17183818C200B51AEA /* Project object */;
			proxyType = 1;
			remoteGlobalIDString = 4AA58D1E183818C200B51AEA;
			remoteInfo = FinalBattleHack;
		};
/* End PBXContainerItemProxy section */

/* Begin PBXFileReference section */
		2D2090FF1838947000B2FCF9 /* RURConfirmationSendViewController.h */ = {isa = PBXFileReference; fileEncoding = 4; lastKnownFileType = sourcecode.c.h; name = RURConfirmationSendViewController.h; path = ConfirmationView/RURConfirmationSendViewController.h; sourceTree = "<group>"; };
		2D2091001838947000B2FCF9 /* RURConfirmationSendViewController.m */ = {isa = PBXFileReference; fileEncoding = 4; lastKnownFileType = sourcecode.c.objc; name = RURConfirmationSendViewController.m; path = ConfirmationView/RURConfirmationSendViewController.m; sourceTree = "<group>"; };
		2D2091011838947000B2FCF9 /* RURConfirmationSendViewController.xib */ = {isa = PBXFileReference; fileEncoding = 4; lastKnownFileType = file.xib; name = RURConfirmationSendViewController.xib; path = ConfirmationView/RURConfirmationSendViewController.xib; sourceTree = "<group>"; };
		2D2091041838A4A000B2FCF9 /* deselected.png */ = {isa = PBXFileReference; lastKnownFileType = image.png; path = deselected.png; sourceTree = "<group>"; };
		2D2091051838A4A000B2FCF9 /* backgroundSelected.png */ = {isa = PBXFileReference; lastKnownFileType = image.png; path = backgroundSelected.png; sourceTree = "<group>"; };
		2DA49C6F18384D7000772064 /* RURProfileVC.xib */ = {isa = PBXFileReference; fileEncoding = 4; lastKnownFileType = file.xib; path = RURProfileVC.xib; sourceTree = "<group>"; };
		2DA49C7018384D7000772064 /* RURProfileVC.h */ = {isa = PBXFileReference; fileEncoding = 4; lastKnownFileType = sourcecode.c.h; path = RURProfileVC.h; sourceTree = "<group>"; };
		2DA49C7118384D7000772064 /* RURProfileVC.m */ = {isa = PBXFileReference; fileEncoding = 4; lastKnownFileType = sourcecode.c.objc; path = RURProfileVC.m; sourceTree = "<group>"; };
		4A229F6F1838331C0041724D /* RUR_dev.properties */ = {isa = PBXFileReference; fileEncoding = 4; lastKnownFileType = text; path = RUR_dev.properties; sourceTree = "<group>"; };
		4A229F71183833250041724D /* Images.xcassets */ = {isa = PBXFileReference; lastKnownFileType = folder.assetcatalog; name = Images.xcassets; path = FinalBattleHack/Images.xcassets; sourceTree = SOURCE_ROOT; };
		4A229F7F1838432E0041724D /* MapKit.framework */ = {isa = PBXFileReference; lastKnownFileType = wrapper.framework; name = MapKit.framework; path = System/Library/Frameworks/MapKit.framework; sourceTree = SDKROOT; };
		4A229F9118384A9C0041724D /* RURPurchasesVC.h */ = {isa = PBXFileReference; fileEncoding = 4; lastKnownFileType = sourcecode.c.h; path = RURPurchasesVC.h; sourceTree = "<group>"; };
		4A229F9218384A9C0041724D /* RURPurchasesVC.m */ = {isa = PBXFileReference; fileEncoding = 4; lastKnownFileType = sourcecode.c.objc; path = RURPurchasesVC.m; sourceTree = "<group>"; };
		4A229F9318384A9C0041724D /* RURPurchasesVC.xib */ = {isa = PBXFileReference; fileEncoding = 4; lastKnownFileType = file.xib; path = RURPurchasesVC.xib; sourceTree = "<group>"; };
		4A229F9718384AD00041724D /* RURShopsMapVC.h */ = {isa = PBXFileReference; fileEncoding = 4; lastKnownFileType = sourcecode.c.h; path = RURShopsMapVC.h; sourceTree = "<group>"; };
		4A229F9818384AD00041724D /* RURShopsMapVC.m */ = {isa = PBXFileReference; fileEncoding = 4; lastKnownFileType = sourcecode.c.objc; path = RURShopsMapVC.m; sourceTree = "<group>"; };
		4A229F9918384AD00041724D /* RURShopsMapVC.xib */ = {isa = PBXFileReference; fileEncoding = 4; lastKnownFileType = file.xib; path = RURShopsMapVC.xib; sourceTree = "<group>"; };
		4A229F9C18384AEB0041724D /* RURDetalProductVC.h */ = {isa = PBXFileReference; fileEncoding = 4; lastKnownFileType = sourcecode.c.h; path = RURDetalProductVC.h; sourceTree = "<group>"; };
		4A229F9D18384AEB0041724D /* RURDetalProductVC.m */ = {isa = PBXFileReference; fileEncoding = 4; lastKnownFileType = sourcecode.c.objc; path = RURDetalProductVC.m; sourceTree = "<group>"; };
		4A229F9E18384AEB0041724D /* RURDetalProductVC.xib */ = {isa = PBXFileReference; fileEncoding = 4; lastKnownFileType = file.xib; path = RURDetalProductVC.xib; sourceTree = "<group>"; };
		4A229FA118384B1A0041724D /* CollectionViewCell.xib */ = {isa = PBXFileReference; fileEncoding = 4; lastKnownFileType = file.xib; path = CollectionViewCell.xib; sourceTree = "<group>"; };
		4A229FA218384B1A0041724D /* HeaderView.xib */ = {isa = PBXFileReference; fileEncoding = 4; lastKnownFileType = file.xib; path = HeaderView.xib; sourceTree = "<group>"; };
		4A229FA318384B1A0041724D /* RURHeaderView.h */ = {isa = PBXFileReference; fileEncoding = 4; lastKnownFileType = sourcecode.c.h; path = RURHeaderView.h; sourceTree = "<group>"; };
		4A229FA418384B1A0041724D /* RURHeaderView.m */ = {isa = PBXFileReference; fileEncoding = 4; lastKnownFileType = sourcecode.c.objc; path = RURHeaderView.m; sourceTree = "<group>"; };
		4A229FA518384B1A0041724D /* RURProductCatalogVC.h */ = {isa = PBXFileReference; fileEncoding = 4; lastKnownFileType = sourcecode.c.h; path = RURProductCatalogVC.h; sourceTree = "<group>"; };
		4A229FA618384B1A0041724D /* RURProductCatalogVC.m */ = {isa = PBXFileReference; fileEncoding = 4; lastKnownFileType = sourcecode.c.objc; path = RURProductCatalogVC.m; sourceTree = "<group>"; };
		4A229FA718384B1A0041724D /* RURProductCatalogVC.xib */ = {isa = PBXFileReference; fileEncoding = 4; lastKnownFileType = file.xib; path = RURProductCatalogVC.xib; sourceTree = "<group>"; };
		4A229FA818384B1A0041724D /* Tienda.jpeg */ = {isa = PBXFileReference; lastKnownFileType = image.jpeg; path = Tienda.jpeg; sourceTree = "<group>"; };
		4A229FAF18384B310041724D /* RURDetailShopVC.h */ = {isa = PBXFileReference; fileEncoding = 4; lastKnownFileType = sourcecode.c.h; path = RURDetailShopVC.h; sourceTree = "<group>"; };
		4A229FB018384B310041724D /* RURDetailShopVC.m */ = {isa = PBXFileReference; fileEncoding = 4; lastKnownFileType = sourcecode.c.objc; path = RURDetailShopVC.m; sourceTree = "<group>"; };
		4A229FB118384B310041724D /* RURDetailShopVC.xib */ = {isa = PBXFileReference; fileEncoding = 4; lastKnownFileType = file.xib; path = RURDetailShopVC.xib; sourceTree = "<group>"; };
		4A78EA641838700800E7933B /* RURCustomAnnotation.h */ = {isa = PBXFileReference; fileEncoding = 4; lastKnownFileType = sourcecode.c.h; path = RURCustomAnnotation.h; sourceTree = "<group>"; };
		4A78EA651838700800E7933B /* RURCustomAnnotation.m */ = {isa = PBXFileReference; fileEncoding = 4; lastKnownFileType = sourcecode.c.objc; path = RURCustomAnnotation.m; sourceTree = "<group>"; };
		4A78EA671838703000E7933B /* CoreLocation.framework */ = {isa = PBXFileReference; lastKnownFileType = wrapper.framework; name = CoreLocation.framework; path = System/Library/Frameworks/CoreLocation.framework; sourceTree = SDKROOT; };
		4A78EA69183885B000E7933B /* BackgroundButton.png */ = {isa = PBXFileReference; lastKnownFileType = image.png; path = BackgroundButton.png; sourceTree = "<group>"; };
		4A78EA6A183885B000E7933B /* button-blue.png */ = {isa = PBXFileReference; lastKnownFileType = image.png; path = "button-blue.png"; sourceTree = "<group>"; };
		4A78EA6B183885B000E7933B /* button-empty.png */ = {isa = PBXFileReference; lastKnownFileType = image.png; path = "button-empty.png"; sourceTree = "<group>"; };
		4A78EA6C183885B000E7933B /* button-plain@2x.png */ = {isa = PBXFileReference; lastKnownFileType = image.png; path = "button-plain@2x.png"; sourceTree = "<group>"; };
		4A8DD68718381D7100E603E5 /* RURAppDelegate.h */ = {isa = PBXFileReference; fileEncoding = 4; lastKnownFileType = sourcecode.c.h; path = RURAppDelegate.h; sourceTree = "<group>"; };
		4A8DD68818381D7100E603E5 /* RURAppDelegate.m */ = {isa = PBXFileReference; fileEncoding = 4; lastKnownFileType = sourcecode.c.objc; path = RURAppDelegate.m; sourceTree = "<group>"; };
		4A8DD68C18381DD000E603E5 /* RURAssembly.h */ = {isa = PBXFileReference; fileEncoding = 4; lastKnownFileType = sourcecode.c.h; path = RURAssembly.h; sourceTree = "<group>"; };
		4A8DD68D18381DD000E603E5 /* RURAssembly.m */ = {isa = PBXFileReference; fileEncoding = 4; lastKnownFileType = sourcecode.c.objc; path = RURAssembly.m; sourceTree = "<group>"; };
		4A8DD69018381E9100E603E5 /* RURUser.h */ = {isa = PBXFileReference; fileEncoding = 4; lastKnownFileType = sourcecode.c.h; path = RURUser.h; sourceTree = "<group>"; };
		4A8DD69118381E9100E603E5 /* RURUser.m */ = {isa = PBXFileReference; fileEncoding = 4; lastKnownFileType = sourcecode.c.objc; path = RURUser.m; sourceTree = "<group>"; };
		4A8DD69418381EDC00E603E5 /* UIViewController+UserAdditions.h */ = {isa = PBXFileReference; fileEncoding = 4; lastKnownFileType = sourcecode.c.h; path = "UIViewController+UserAdditions.h"; sourceTree = "<group>"; };
		4A8DD69518381EDC00E603E5 /* UIViewController+UserAdditions.m */ = {isa = PBXFileReference; fileEncoding = 4; lastKnownFileType = sourcecode.c.objc; path = "UIViewController+UserAdditions.m"; sourceTree = "<group>"; };
		4AA58D1F183818C300B51AEA /* FinalBattleHack.app */ = {isa = PBXFileReference; explicitFileType = wrapper.application; includeInIndex = 0; path = FinalBattleHack.app; sourceTree = BUILT_PRODUCTS_DIR; };
		4AA58D22183818C300B51AEA /* Foundation.framework */ = {isa = PBXFileReference; lastKnownFileType = wrapper.framework; name = Foundation.framework; path = System/Library/Frameworks/Foundation.framework; sourceTree = SDKROOT; };
		4AA58D24183818C300B51AEA /* CoreGraphics.framework */ = {isa = PBXFileReference; lastKnownFileType = wrapper.framework; name = CoreGraphics.framework; path = System/Library/Frameworks/CoreGraphics.framework; sourceTree = SDKROOT; };
		4AA58D26183818C300B51AEA /* UIKit.framework */ = {isa = PBXFileReference; lastKnownFileType = wrapper.framework; name = UIKit.framework; path = System/Library/Frameworks/UIKit.framework; sourceTree = SDKROOT; };
		4AA58D2A183818C300B51AEA /* FinalBattleHack-Info.plist */ = {isa = PBXFileReference; lastKnownFileType = text.plist.xml; path = "FinalBattleHack-Info.plist"; sourceTree = "<group>"; };
		4AA58D2C183818C300B51AEA /* en */ = {isa = PBXFileReference; lastKnownFileType = text.plist.strings; name = en; path = en.lproj/InfoPlist.strings; sourceTree = "<group>"; };
		4AA58D2E183818C300B51AEA /* main.m */ = {isa = PBXFileReference; lastKnownFileType = sourcecode.c.objc; path = main.m; sourceTree = "<group>"; };
		4AA58D30183818C300B51AEA /* FinalBattleHack-Prefix.pch */ = {isa = PBXFileReference; lastKnownFileType = sourcecode.c.h; path = "FinalBattleHack-Prefix.pch"; sourceTree = "<group>"; };
		4AA58D40183818C300B51AEA /* FinalBattleHackTests.xctest */ = {isa = PBXFileReference; explicitFileType = wrapper.cfbundle; includeInIndex = 0; path = FinalBattleHackTests.xctest; sourceTree = BUILT_PRODUCTS_DIR; };
		4AA58D41183818C300B51AEA /* XCTest.framework */ = {isa = PBXFileReference; lastKnownFileType = wrapper.framework; name = XCTest.framework; path = Library/Frameworks/XCTest.framework; sourceTree = DEVELOPER_DIR; };
		4AA58D49183818C300B51AEA /* FinalBattleHackTests-Info.plist */ = {isa = PBXFileReference; lastKnownFileType = text.plist.xml; path = "FinalBattleHackTests-Info.plist"; sourceTree = "<group>"; };
		4AA58D4B183818C300B51AEA /* en */ = {isa = PBXFileReference; lastKnownFileType = text.plist.strings; name = en; path = en.lproj/InfoPlist.strings; sourceTree = "<group>"; };
		4AA58D4D183818C300B51AEA /* FinalBattleHackTests.m */ = {isa = PBXFileReference; lastKnownFileType = sourcecode.c.objc; path = FinalBattleHackTests.m; sourceTree = "<group>"; };
		8A274BCFBFD94335944B02E8 /* Pods.xcconfig */ = {isa = PBXFileReference; includeInIndex = 1; lastKnownFileType = text.xcconfig; name = Pods.xcconfig; path = Pods/Pods.xcconfig; sourceTree = "<group>"; };
		979064809C8F41ACAB5BFFE3 /* libPods.a */ = {isa = PBXFileReference; explicitFileType = archive.ar; includeInIndex = 0; path = libPods.a; sourceTree = BUILT_PRODUCTS_DIR; };
		BB387C7A1838A42500ADB6FE /* RUR_Shop.h */ = {isa = PBXFileReference; fileEncoding = 4; lastKnownFileType = sourcecode.c.h; path = RUR_Shop.h; sourceTree = "<group>"; };
		BB387C7B1838A42500ADB6FE /* RUR_Shop.m */ = {isa = PBXFileReference; fileEncoding = 4; lastKnownFileType = sourcecode.c.objc; path = RUR_Shop.m; sourceTree = "<group>"; };
		BB387C7D1838B2C800ADB6FE /* LeftRevealIcon.png */ = {isa = PBXFileReference; lastKnownFileType = image.png; path = LeftRevealIcon.png; sourceTree = "<group>"; };
		BB387C7E1838B2C800ADB6FE /* LeftRevealIcon@2x.png */ = {isa = PBXFileReference; lastKnownFileType = image.png; path = "LeftRevealIcon@2x.png"; sourceTree = "<group>"; };
		BB387C7F1838B2C800ADB6FE /* RightRevealIcon.png */ = {isa = PBXFileReference; lastKnownFileType = image.png; path = RightRevealIcon.png; sourceTree = "<group>"; };
		BB387C801838B2C800ADB6FE /* RightRevealIcon@2x.png */ = {isa = PBXFileReference; lastKnownFileType = image.png; path = "RightRevealIcon@2x.png"; sourceTree = "<group>"; };
		BB4C31D11838774A00E25BF5 /* TestAvatar.jpeg */ = {isa = PBXFileReference; lastKnownFileType = image.jpeg; path = TestAvatar.jpeg; sourceTree = "<group>"; };
		BB4C31D31838776E00E25BF5 /* activityIcon.png */ = {isa = PBXFileReference; lastKnownFileType = image.png; path = activityIcon.png; sourceTree = "<group>"; };
		BB4C31D41838776E00E25BF5 /* payWithPassIcon.png */ = {isa = PBXFileReference; lastKnownFileType = image.png; path = payWithPassIcon.png; sourceTree = "<group>"; };
/* End PBXFileReference section */

/* Begin PBXFrameworksBuildPhase section */
		4AA58D1C183818C200B51AEA /* Frameworks */ = {
			isa = PBXFrameworksBuildPhase;
			buildActionMask = 2147483647;
			files = (
				4A78EA681838703000E7933B /* CoreLocation.framework in Frameworks */,
				4A229F801838432E0041724D /* MapKit.framework in Frameworks */,
				4AA58D25183818C300B51AEA /* CoreGraphics.framework in Frameworks */,
				4AA58D27183818C300B51AEA /* UIKit.framework in Frameworks */,
				4AA58D23183818C300B51AEA /* Foundation.framework in Frameworks */,
				9AA316FBBB354E90908299CA /* libPods.a in Frameworks */,
			);
			runOnlyForDeploymentPostprocessing = 0;
		};
		4AA58D3D183818C300B51AEA /* Frameworks */ = {
			isa = PBXFrameworksBuildPhase;
			buildActionMask = 2147483647;
			files = (
				4AA58D42183818C300B51AEA /* XCTest.framework in Frameworks */,
				4AA58D44183818C300B51AEA /* UIKit.framework in Frameworks */,
				4AA58D43183818C300B51AEA /* Foundation.framework in Frameworks */,
			);
			runOnlyForDeploymentPostprocessing = 0;
		};
/* End PBXFrameworksBuildPhase section */

/* Begin PBXGroup section */
		2D2090FB1838941000B2FCF9 /* ConfirmationAndSending */ = {
			isa = PBXGroup;
			children = (
				2D2090FF1838947000B2FCF9 /* RURConfirmationSendViewController.h */,
				2D2091001838947000B2FCF9 /* RURConfirmationSendViewController.m */,
				2D2091011838947000B2FCF9 /* RURConfirmationSendViewController.xib */,
			);
			name = ConfirmationAndSending;
			sourceTree = "<group>";
		};
		2DA49C6E18384D5400772064 /* ProfileNew */ = {
			isa = PBXGroup;
			children = (
				2DA49C6F18384D7000772064 /* RURProfileVC.xib */,
				2DA49C7018384D7000772064 /* RURProfileVC.h */,
				2DA49C7118384D7000772064 /* RURProfileVC.m */,
			);
			name = ProfileNew;
			sourceTree = "<group>";
		};
		4A229F6D183832B60041724D /* resources */ = {
			isa = PBXGroup;
			children = (
				BB4C31D01838773E00E25BF5 /* Images */,
				4A229F71183833250041724D /* Images.xcassets */,
				4A229F6E183832C80041724D /* configurations */,
			);
			path = resources;
			sourceTree = "<group>";
		};
		4A229F6E183832C80041724D /* configurations */ = {
			isa = PBXGroup;
			children = (
				4A229F6F1838331C0041724D /* RUR_dev.properties */,
			);
			path = configurations;
			sourceTree = "<group>";
		};
		4A229F73183837790041724D /* Purchases */ = {
			isa = PBXGroup;
			children = (
				4A229F9118384A9C0041724D /* RURPurchasesVC.h */,
				4A229F9218384A9C0041724D /* RURPurchasesVC.m */,
				4A229F9318384A9C0041724D /* RURPurchasesVC.xib */,
			);
			path = Purchases;
			sourceTree = "<group>";
		};
		4A229F9618384ABD0041724D /* ShopMap */ = {
			isa = PBXGroup;
			children = (
				4A229F9718384AD00041724D /* RURShopsMapVC.h */,
				4A229F9818384AD00041724D /* RURShopsMapVC.m */,
				4A229F9918384AD00041724D /* RURShopsMapVC.xib */,
				4A78EA641838700800E7933B /* RURCustomAnnotation.h */,
				4A78EA651838700800E7933B /* RURCustomAnnotation.m */,
			);
			name = ShopMap;
			path = ShopsMap;
			sourceTree = "<group>";
		};
		4A8DD68418381D7100E603E5 /* classses */ = {
			isa = PBXGroup;
			children = (
				4A8DD68718381D7100E603E5 /* RURAppDelegate.h */,
				4A8DD68818381D7100E603E5 /* RURAppDelegate.m */,
				4A8DD68518381D7100E603E5 /* Controllers */,
				4A8DD68618381D7100E603E5 /* Models */,
				4A8DD68918381D7100E603E5 /* Views */,
			);
			path = classses;
			sourceTree = "<group>";
		};
		4A8DD68518381D7100E603E5 /* Controllers */ = {
			isa = PBXGroup;
			children = (
				2D2090FB1838941000B2FCF9 /* ConfirmationAndSending */,
				2DA49C6E18384D5400772064 /* ProfileNew */,
				4A229F9618384ABD0041724D /* ShopMap */,
				4A229F73183837790041724D /* Purchases */,
				BB6F4DE018382AA100CF2FB8 /* DetailProduct */,
				BB6F4DDF18382A8D00CF2FB8 /* CatalogCollectionView */,
				BB6F4DDE18382A7800CF2FB8 /* DetailShop */,
				4A8DD69318381EAD00E603E5 /* Utils */,
			);
			path = Controllers;
			sourceTree = "<group>";
		};
		4A8DD68618381D7100E603E5 /* Models */ = {
			isa = PBXGroup;
			children = (
				4A8DD68F18381E7400E603E5 /* Objects */,
				4A8DD68B18381D9000E603E5 /* Assembly */,
			);
			path = Models;
			sourceTree = "<group>";
		};
		4A8DD68918381D7100E603E5 /* Views */ = {
			isa = PBXGroup;
			children = (
			);
			path = Views;
			sourceTree = "<group>";
		};
		4A8DD68B18381D9000E603E5 /* Assembly */ = {
			isa = PBXGroup;
			children = (
				4A8DD68C18381DD000E603E5 /* RURAssembly.h */,
				4A8DD68D18381DD000E603E5 /* RURAssembly.m */,
			);
			path = Assembly;
			sourceTree = "<group>";
		};
		4A8DD68F18381E7400E603E5 /* Objects */ = {
			isa = PBXGroup;
			children = (
				4A8DD69018381E9100E603E5 /* RURUser.h */,
				4A8DD69118381E9100E603E5 /* RURUser.m */,
				BB387C7A1838A42500ADB6FE /* RUR_Shop.h */,
				BB387C7B1838A42500ADB6FE /* RUR_Shop.m */,
			);
			path = Objects;
			sourceTree = "<group>";
		};
		4A8DD69318381EAD00E603E5 /* Utils */ = {
			isa = PBXGroup;
			children = (
				4A8DD69418381EDC00E603E5 /* UIViewController+UserAdditions.h */,
				4A8DD69518381EDC00E603E5 /* UIViewController+UserAdditions.m */,
			);
			path = Utils;
			sourceTree = "<group>";
		};
		4AA58D16183818C200B51AEA = {
			isa = PBXGroup;
			children = (
				4AA58D28183818C300B51AEA /* FinalBattleHack */,
				4AA58D47183818C300B51AEA /* FinalBattleHackTests */,
				4AA58D21183818C300B51AEA /* Frameworks */,
				4AA58D20183818C300B51AEA /* Products */,
				8A274BCFBFD94335944B02E8 /* Pods.xcconfig */,
			);
			sourceTree = "<group>";
		};
		4AA58D20183818C300B51AEA /* Products */ = {
			isa = PBXGroup;
			children = (
				4AA58D1F183818C300B51AEA /* FinalBattleHack.app */,
				4AA58D40183818C300B51AEA /* FinalBattleHackTests.xctest */,
			);
			name = Products;
			sourceTree = "<group>";
		};
		4AA58D21183818C300B51AEA /* Frameworks */ = {
			isa = PBXGroup;
			children = (
				4A78EA671838703000E7933B /* CoreLocation.framework */,
				4A229F7F1838432E0041724D /* MapKit.framework */,
				4AA58D22183818C300B51AEA /* Foundation.framework */,
				4AA58D24183818C300B51AEA /* CoreGraphics.framework */,
				4AA58D26183818C300B51AEA /* UIKit.framework */,
				4AA58D41183818C300B51AEA /* XCTest.framework */,
				979064809C8F41ACAB5BFFE3 /* libPods.a */,
			);
			name = Frameworks;
			sourceTree = "<group>";
		};
		4AA58D28183818C300B51AEA /* FinalBattleHack */ = {
			isa = PBXGroup;
			children = (
				4A8DD68418381D7100E603E5 /* classses */,
				4A229F6D183832B60041724D /* resources */,
				4AA58D29183818C300B51AEA /* Supporting Files */,
			);
			path = FinalBattleHack;
			sourceTree = "<group>";
		};
		4AA58D29183818C300B51AEA /* Supporting Files */ = {
			isa = PBXGroup;
			children = (
				4AA58D2A183818C300B51AEA /* FinalBattleHack-Info.plist */,
				4AA58D2B183818C300B51AEA /* InfoPlist.strings */,
				4AA58D2E183818C300B51AEA /* main.m */,
				4AA58D30183818C300B51AEA /* FinalBattleHack-Prefix.pch */,
			);
			name = "Supporting Files";
			sourceTree = "<group>";
		};
		4AA58D47183818C300B51AEA /* FinalBattleHackTests */ = {
			isa = PBXGroup;
			children = (
				4AA58D4D183818C300B51AEA /* FinalBattleHackTests.m */,
				4AA58D48183818C300B51AEA /* Supporting Files */,
			);
			path = FinalBattleHackTests;
			sourceTree = "<group>";
		};
		4AA58D48183818C300B51AEA /* Supporting Files */ = {
			isa = PBXGroup;
			children = (
				4AA58D49183818C300B51AEA /* FinalBattleHackTests-Info.plist */,
				4AA58D4A183818C300B51AEA /* InfoPlist.strings */,
			);
			name = "Supporting Files";
			sourceTree = "<group>";
		};
		BB4C31D01838773E00E25BF5 /* Images */ = {
			isa = PBXGroup;
			children = (
				BB387C7D1838B2C800ADB6FE /* LeftRevealIcon.png */,
				BB387C7E1838B2C800ADB6FE /* LeftRevealIcon@2x.png */,
				BB387C7F1838B2C800ADB6FE /* RightRevealIcon.png */,
				BB387C801838B2C800ADB6FE /* RightRevealIcon@2x.png */,
				2D2091041838A4A000B2FCF9 /* deselected.png */,
				2D2091051838A4A000B2FCF9 /* backgroundSelected.png */,
				4A78EA69183885B000E7933B /* BackgroundButton.png */,
				4A78EA6A183885B000E7933B /* button-blue.png */,
				4A78EA6B183885B000E7933B /* button-empty.png */,
				4A78EA6C183885B000E7933B /* button-plain@2x.png */,
				BB4C31D31838776E00E25BF5 /* activityIcon.png */,
				BB4C31D41838776E00E25BF5 /* payWithPassIcon.png */,
				BB4C31D11838774A00E25BF5 /* TestAvatar.jpeg */,
			);
			path = Images;
			sourceTree = "<group>";
		};
		BB6F4DDE18382A7800CF2FB8 /* DetailShop */ = {
			isa = PBXGroup;
			children = (
				4A229FAF18384B310041724D /* RURDetailShopVC.h */,
				4A229FB018384B310041724D /* RURDetailShopVC.m */,
				4A229FB118384B310041724D /* RURDetailShopVC.xib */,
			);
			path = DetailShop;
			sourceTree = "<group>";
		};
		BB6F4DDF18382A8D00CF2FB8 /* CatalogCollectionView */ = {
			isa = PBXGroup;
			children = (
				4A229FA118384B1A0041724D /* CollectionViewCell.xib */,
				4A229FA218384B1A0041724D /* HeaderView.xib */,
				4A229FA318384B1A0041724D /* RURHeaderView.h */,
				4A229FA418384B1A0041724D /* RURHeaderView.m */,
				4A229FA518384B1A0041724D /* RURProductCatalogVC.h */,
				4A229FA618384B1A0041724D /* RURProductCatalogVC.m */,
				4A229FA718384B1A0041724D /* RURProductCatalogVC.xib */,
				4A229FA818384B1A0041724D /* Tienda.jpeg */,
			);
			path = CatalogCollectionView;
			sourceTree = "<group>";
		};
		BB6F4DE018382AA100CF2FB8 /* DetailProduct */ = {
			isa = PBXGroup;
			children = (
				4A229F9C18384AEB0041724D /* RURDetalProductVC.h */,
				4A229F9D18384AEB0041724D /* RURDetalProductVC.m */,
				4A229F9E18384AEB0041724D /* RURDetalProductVC.xib */,
			);
			path = DetailProduct;
			sourceTree = "<group>";
		};
/* End PBXGroup section */

/* Begin PBXNativeTarget section */
		4AA58D1E183818C200B51AEA /* FinalBattleHack */ = {
			isa = PBXNativeTarget;
			buildConfigurationList = 4AA58D51183818C300B51AEA /* Build configuration list for PBXNativeTarget "FinalBattleHack" */;
			buildPhases = (
				DF09D7790CDB418C9D579E4A /* Check Pods Manifest.lock */,
				4AA58D1B183818C200B51AEA /* Sources */,
				4AA58D1C183818C200B51AEA /* Frameworks */,
				4AA58D1D183818C200B51AEA /* Resources */,
				F65E4C257B6941F785EF9AF8 /* Copy Pods Resources */,
			);
			buildRules = (
			);
			dependencies = (
			);
			name = FinalBattleHack;
			productName = FinalBattleHack;
			productReference = 4AA58D1F183818C300B51AEA /* FinalBattleHack.app */;
			productType = "com.apple.product-type.application";
		};
		4AA58D3F183818C300B51AEA /* FinalBattleHackTests */ = {
			isa = PBXNativeTarget;
			buildConfigurationList = 4AA58D54183818C300B51AEA /* Build configuration list for PBXNativeTarget "FinalBattleHackTests" */;
			buildPhases = (
				4AA58D3C183818C300B51AEA /* Sources */,
				4AA58D3D183818C300B51AEA /* Frameworks */,
				4AA58D3E183818C300B51AEA /* Resources */,
			);
			buildRules = (
			);
			dependencies = (
				4AA58D46183818C300B51AEA /* PBXTargetDependency */,
			);
			name = FinalBattleHackTests;
			productName = FinalBattleHackTests;
			productReference = 4AA58D40183818C300B51AEA /* FinalBattleHackTests.xctest */;
			productType = "com.apple.product-type.bundle.unit-test";
		};
/* End PBXNativeTarget section */

/* Begin PBXProject section */
		4AA58D17183818C200B51AEA /* Project object */ = {
			isa = PBXProject;
			attributes = {
				CLASSPREFIX = RUR;
				LastUpgradeCheck = 0500;
				ORGANIZATIONNAME = "The Synthesizers";
				TargetAttributes = {
					4AA58D3F183818C300B51AEA = {
						TestTargetID = 4AA58D1E183818C200B51AEA;
					};
				};
			};
			buildConfigurationList = 4AA58D1A183818C200B51AEA /* Build configuration list for PBXProject "FinalBattleHack" */;
			compatibilityVersion = "Xcode 3.2";
			developmentRegion = English;
			hasScannedForEncodings = 0;
			knownRegions = (
				en,
				Base,
			);
			mainGroup = 4AA58D16183818C200B51AEA;
			productRefGroup = 4AA58D20183818C300B51AEA /* Products */;
			projectDirPath = "";
			projectRoot = "";
			targets = (
				4AA58D1E183818C200B51AEA /* FinalBattleHack */,
				4AA58D3F183818C300B51AEA /* FinalBattleHackTests */,
			);
		};
/* End PBXProject section */

/* Begin PBXResourcesBuildPhase section */
		4AA58D1D183818C200B51AEA /* Resources */ = {
			isa = PBXResourcesBuildPhase;
			buildActionMask = 2147483647;
			files = (
				4A229F9B18384AD00041724D /* RURShopsMapVC.xib in Resources */,
				2D2091031838947000B2FCF9 /* RURConfirmationSendViewController.xib in Resources */,
				BB387C811838B2C800ADB6FE /* LeftRevealIcon.png in Resources */,
				BB387C841838B2C800ADB6FE /* RightRevealIcon@2x.png in Resources */,
				4A78EA6E183885B000E7933B /* button-blue.png in Resources */,
				4A229F9518384A9C0041724D /* RURPurchasesVC.xib in Resources */,
				BB4C31D21838774A00E25BF5 /* TestAvatar.jpeg in Resources */,
				4A78EA6D183885B000E7933B /* BackgroundButton.png in Resources */,
				4A78EA6F183885B000E7933B /* button-empty.png in Resources */,
				4A229FA918384B1A0041724D /* CollectionViewCell.xib in Resources */,
				2D2091061838A4A000B2FCF9 /* deselected.png in Resources */,
				4A78EA70183885B000E7933B /* button-plain@2x.png in Resources */,
				4A229FAA18384B1A0041724D /* HeaderView.xib in Resources */,
				4A229F72183833250041724D /* Images.xcassets in Resources */,
				BB4C31D61838776E00E25BF5 /* payWithPassIcon.png in Resources */,
				4A229FA018384AEB0041724D /* RURDetalProductVC.xib in Resources */,
				BB387C821838B2C800ADB6FE /* LeftRevealIcon@2x.png in Resources */,
				BB4C31D51838776E00E25BF5 /* activityIcon.png in Resources */,
				2DA49C7218384D7000772064 /* RURProfileVC.xib in Resources */,
				4AA58D2D183818C300B51AEA /* InfoPlist.strings in Resources */,
				4A229F701838331C0041724D /* RUR_dev.properties in Resources */,
				2D2091071838A4A000B2FCF9 /* backgroundSelected.png in Resources */,
				4A229FAE18384B1A0041724D /* Tienda.jpeg in Resources */,
				BB387C831838B2C800ADB6FE /* RightRevealIcon.png in Resources */,
				4A229FAD18384B1A0041724D /* RURProductCatalogVC.xib in Resources */,
				4A229FB318384B310041724D /* RURDetailShopVC.xib in Resources */,
			);
			runOnlyForDeploymentPostprocessing = 0;
		};
		4AA58D3E183818C300B51AEA /* Resources */ = {
			isa = PBXResourcesBuildPhase;
			buildActionMask = 2147483647;
			files = (
				4AA58D4C183818C300B51AEA /* InfoPlist.strings in Resources */,
			);
			runOnlyForDeploymentPostprocessing = 0;
		};
/* End PBXResourcesBuildPhase section */

/* Begin PBXShellScriptBuildPhase section */
		DF09D7790CDB418C9D579E4A /* Check Pods Manifest.lock */ = {
			isa = PBXShellScriptBuildPhase;
			buildActionMask = 2147483647;
			files = (
			);
			inputPaths = (
			);
			name = "Check Pods Manifest.lock";
			outputPaths = (
			);
			runOnlyForDeploymentPostprocessing = 0;
			shellPath = /bin/sh;
			shellScript = "diff \"${PODS_ROOT}/../Podfile.lock\" \"${PODS_ROOT}/Manifest.lock\" > /dev/null\nif [[ $? != 0 ]] ; then\n    cat << EOM\nerror: The sandbox is not in sync with the Podfile.lock. Run 'pod install' or update your CocoaPods installation.\nEOM\n    exit 1\nfi\n";
			showEnvVarsInLog = 0;
		};
		F65E4C257B6941F785EF9AF8 /* Copy Pods Resources */ = {
			isa = PBXShellScriptBuildPhase;
			buildActionMask = 2147483647;
			files = (
			);
			inputPaths = (
			);
			name = "Copy Pods Resources";
			outputPaths = (
			);
			runOnlyForDeploymentPostprocessing = 0;
			shellPath = /bin/sh;
			shellScript = "\"${SRCROOT}/Pods/Pods-resources.sh\"\n";
			showEnvVarsInLog = 0;
		};
/* End PBXShellScriptBuildPhase section */

/* Begin PBXSourcesBuildPhase section */
		4AA58D1B183818C200B51AEA /* Sources */ = {
			isa = PBXSourcesBuildPhase;
			buildActionMask = 2147483647;
			files = (
				2DA49C7318384D7000772064 /* RURProfileVC.m in Sources */,
				4A8DD69218381E9100E603E5 /* RURUser.m in Sources */,
				4A229F9F18384AEB0041724D /* RURDetalProductVC.m in Sources */,
				4A229FB218384B310041724D /* RURDetailShopVC.m in Sources */,
				4A229FAB18384B1A0041724D /* RURHeaderView.m in Sources */,
				4A8DD68A18381D7100E603E5 /* RURAppDelegate.m in Sources */,
				4A229F9A18384AD00041724D /* RURShopsMapVC.m in Sources */,
				2D2091021838947000B2FCF9 /* RURConfirmationSendViewController.m in Sources */,
				4AA58D2F183818C300B51AEA /* main.m in Sources */,
				4A8DD69618381EDC00E603E5 /* UIViewController+UserAdditions.m in Sources */,
				4A8DD68E18381DD000E603E5 /* RURAssembly.m in Sources */,
				4A78EA661838700800E7933B /* RURCustomAnnotation.m in Sources */,
				BB387C7C1838A42500ADB6FE /* RUR_Shop.m in Sources */,
				4A229FAC18384B1A0041724D /* RURProductCatalogVC.m in Sources */,
				4A229F9418384A9C0041724D /* RURPurchasesVC.m in Sources */,
			);
			runOnlyForDeploymentPostprocessing = 0;
		};
		4AA58D3C183818C300B51AEA /* Sources */ = {
			isa = PBXSourcesBuildPhase;
			buildActionMask = 2147483647;
			files = (
				4AA58D4E183818C300B51AEA /* FinalBattleHackTests.m in Sources */,
			);
			runOnlyForDeploymentPostprocessing = 0;
		};
/* End PBXSourcesBuildPhase section */

/* Begin PBXTargetDependency section */
		4AA58D46183818C300B51AEA /* PBXTargetDependency */ = {
			isa = PBXTargetDependency;
			target = 4AA58D1E183818C200B51AEA /* FinalBattleHack */;
			targetProxy = 4AA58D45183818C300B51AEA /* PBXContainerItemProxy */;
		};
/* End PBXTargetDependency section */

/* Begin PBXVariantGroup section */
		4AA58D2B183818C300B51AEA /* InfoPlist.strings */ = {
			isa = PBXVariantGroup;
			children = (
				4AA58D2C183818C300B51AEA /* en */,
			);
			name = InfoPlist.strings;
			sourceTree = "<group>";
		};
		4AA58D4A183818C300B51AEA /* InfoPlist.strings */ = {
			isa = PBXVariantGroup;
			children = (
				4AA58D4B183818C300B51AEA /* en */,
			);
			name = InfoPlist.strings;
			sourceTree = "<group>";
		};
/* End PBXVariantGroup section */

/* Begin XCBuildConfiguration section */
		4AA58D4F183818C300B51AEA /* Debug */ = {
			isa = XCBuildConfiguration;
			buildSettings = {
				ALWAYS_SEARCH_USER_PATHS = NO;
				ARCHS = "$(ARCHS_STANDARD_INCLUDING_64_BIT)";
				CLANG_CXX_LANGUAGE_STANDARD = "gnu++0x";
				CLANG_CXX_LIBRARY = "libc++";
				CLANG_ENABLE_MODULES = YES;
				CLANG_ENABLE_OBJC_ARC = YES;
				CLANG_WARN_BOOL_CONVERSION = YES;
				CLANG_WARN_CONSTANT_CONVERSION = YES;
				CLANG_WARN_DIRECT_OBJC_ISA_USAGE = YES_ERROR;
				CLANG_WARN_EMPTY_BODY = YES;
				CLANG_WARN_ENUM_CONVERSION = YES;
				CLANG_WARN_INT_CONVERSION = YES;
				CLANG_WARN_OBJC_ROOT_CLASS = YES_ERROR;
				CLANG_WARN__DUPLICATE_METHOD_MATCH = YES;
				"CODE_SIGN_IDENTITY[sdk=iphoneos*]" = "iPhone Developer";
				COPY_PHASE_STRIP = NO;
				GCC_C_LANGUAGE_STANDARD = gnu99;
				GCC_DYNAMIC_NO_PIC = NO;
				GCC_OPTIMIZATION_LEVEL = 0;
				GCC_PREPROCESSOR_DEFINITIONS = (
					"DEBUG=1",
					"$(inherited)",
				);
				GCC_SYMBOLS_PRIVATE_EXTERN = NO;
				GCC_WARN_64_TO_32_BIT_CONVERSION = YES;
				GCC_WARN_ABOUT_RETURN_TYPE = YES_ERROR;
				GCC_WARN_UNDECLARED_SELECTOR = YES;
				GCC_WARN_UNINITIALIZED_AUTOS = YES;
				GCC_WARN_UNUSED_FUNCTION = YES;
				GCC_WARN_UNUSED_VARIABLE = YES;
				IPHONEOS_DEPLOYMENT_TARGET = 7.0;
				ONLY_ACTIVE_ARCH = YES;
				SDKROOT = iphoneos;
			};
			name = Debug;
		};
		4AA58D50183818C300B51AEA /* Release */ = {
			isa = XCBuildConfiguration;
			buildSettings = {
				ALWAYS_SEARCH_USER_PATHS = NO;
				ARCHS = "$(ARCHS_STANDARD_INCLUDING_64_BIT)";
				CLANG_CXX_LANGUAGE_STANDARD = "gnu++0x";
				CLANG_CXX_LIBRARY = "libc++";
				CLANG_ENABLE_MODULES = YES;
				CLANG_ENABLE_OBJC_ARC = YES;
				CLANG_WARN_BOOL_CONVERSION = YES;
				CLANG_WARN_CONSTANT_CONVERSION = YES;
				CLANG_WARN_DIRECT_OBJC_ISA_USAGE = YES_ERROR;
				CLANG_WARN_EMPTY_BODY = YES;
				CLANG_WARN_ENUM_CONVERSION = YES;
				CLANG_WARN_INT_CONVERSION = YES;
				CLANG_WARN_OBJC_ROOT_CLASS = YES_ERROR;
				CLANG_WARN__DUPLICATE_METHOD_MATCH = YES;
				"CODE_SIGN_IDENTITY[sdk=iphoneos*]" = "iPhone Developer";
				COPY_PHASE_STRIP = YES;
				ENABLE_NS_ASSERTIONS = NO;
				GCC_C_LANGUAGE_STANDARD = gnu99;
				GCC_WARN_64_TO_32_BIT_CONVERSION = YES;
				GCC_WARN_ABOUT_RETURN_TYPE = YES_ERROR;
				GCC_WARN_UNDECLARED_SELECTOR = YES;
				GCC_WARN_UNINITIALIZED_AUTOS = YES;
				GCC_WARN_UNUSED_FUNCTION = YES;
				GCC_WARN_UNUSED_VARIABLE = YES;
				IPHONEOS_DEPLOYMENT_TARGET = 7.0;
				SDKROOT = iphoneos;
				VALIDATE_PRODUCT = YES;
			};
			name = Release;
		};
		4AA58D52183818C300B51AEA /* Debug */ = {
			isa = XCBuildConfiguration;
			baseConfigurationReference = 8A274BCFBFD94335944B02E8 /* Pods.xcconfig */;
			buildSettings = {
				ASSETCATALOG_COMPILER_APPICON_NAME = AppIcon;
				ASSETCATALOG_COMPILER_LAUNCHIMAGE_NAME = LaunchImage;
				GCC_PRECOMPILE_PREFIX_HEADER = YES;
				GCC_PREFIX_HEADER = "FinalBattleHack/FinalBattleHack-Prefix.pch";
				INFOPLIST_FILE = "FinalBattleHack/FinalBattleHack-Info.plist";
				PRODUCT_NAME = "$(TARGET_NAME)";
				WRAPPER_EXTENSION = app;
			};
			name = Debug;
		};
		4AA58D53183818C300B51AEA /* Release */ = {
			isa = XCBuildConfiguration;
			baseConfigurationReference = 8A274BCFBFD94335944B02E8 /* Pods.xcconfig */;
			buildSettings = {
				ASSETCATALOG_COMPILER_APPICON_NAME = AppIcon;
				ASSETCATALOG_COMPILER_LAUNCHIMAGE_NAME = LaunchImage;
				GCC_PRECOMPILE_PREFIX_HEADER = YES;
				GCC_PREFIX_HEADER = "FinalBattleHack/FinalBattleHack-Prefix.pch";
				INFOPLIST_FILE = "FinalBattleHack/FinalBattleHack-Info.plist";
				PRODUCT_NAME = "$(TARGET_NAME)";
				WRAPPER_EXTENSION = app;
			};
			name = Release;
		};
		4AA58D55183818C300B51AEA /* Debug */ = {
			isa = XCBuildConfiguration;
			buildSettings = {
				ARCHS = "$(ARCHS_STANDARD_INCLUDING_64_BIT)";
				BUNDLE_LOADER = "$(BUILT_PRODUCTS_DIR)/FinalBattleHack.app/FinalBattleHack";
				FRAMEWORK_SEARCH_PATHS = (
					"$(SDKROOT)/Developer/Library/Frameworks",
					"$(inherited)",
					"$(DEVELOPER_FRAMEWORKS_DIR)",
				);
				GCC_PRECOMPILE_PREFIX_HEADER = YES;
				GCC_PREFIX_HEADER = "FinalBattleHack/FinalBattleHack-Prefix.pch";
				GCC_PREPROCESSOR_DEFINITIONS = (
					"DEBUG=1",
					"$(inherited)",
				);
				INFOPLIST_FILE = "FinalBattleHackTests/FinalBattleHackTests-Info.plist";
				PRODUCT_NAME = "$(TARGET_NAME)";
				TEST_HOST = "$(BUNDLE_LOADER)";
				WRAPPER_EXTENSION = xctest;
			};
			name = Debug;
		};
		4AA58D56183818C300B51AEA /* Release */ = {
			isa = XCBuildConfiguration;
			buildSettings = {
				ARCHS = "$(ARCHS_STANDARD_INCLUDING_64_BIT)";
				BUNDLE_LOADER = "$(BUILT_PRODUCTS_DIR)/FinalBattleHack.app/FinalBattleHack";
				FRAMEWORK_SEARCH_PATHS = (
					"$(SDKROOT)/Developer/Library/Frameworks",
					"$(inherited)",
					"$(DEVELOPER_FRAMEWORKS_DIR)",
				);
				GCC_PRECOMPILE_PREFIX_HEADER = YES;
				GCC_PREFIX_HEADER = "FinalBattleHack/FinalBattleHack-Prefix.pch";
				INFOPLIST_FILE = "FinalBattleHackTests/FinalBattleHackTests-Info.plist";
				PRODUCT_NAME = "$(TARGET_NAME)";
				TEST_HOST = "$(BUNDLE_LOADER)";
				WRAPPER_EXTENSION = xctest;
			};
			name = Release;
		};
/* End XCBuildConfiguration section */

/* Begin XCConfigurationList section */
		4AA58D1A183818C200B51AEA /* Build configuration list for PBXProject "FinalBattleHack" */ = {
			isa = XCConfigurationList;
			buildConfigurations = (
				4AA58D4F183818C300B51AEA /* Debug */,
				4AA58D50183818C300B51AEA /* Release */,
			);
			defaultConfigurationIsVisible = 0;
			defaultConfigurationName = Release;
		};
		4AA58D51183818C300B51AEA /* Build configuration list for PBXNativeTarget "FinalBattleHack" */ = {
			isa = XCConfigurationList;
			buildConfigurations = (
				4AA58D52183818C300B51AEA /* Debug */,
				4AA58D53183818C300B51AEA /* Release */,
			);
			defaultConfigurationIsVisible = 0;
			defaultConfigurationName = Release;
		};
		4AA58D54183818C300B51AEA /* Build configuration list for PBXNativeTarget "FinalBattleHackTests" */ = {
			isa = XCConfigurationList;
			buildConfigurations = (
				4AA58D55183818C300B51AEA /* Debug */,
				4AA58D56183818C300B51AEA /* Release */,
			);
			defaultConfigurationIsVisible = 0;
			defaultConfigurationName = Release;
		};
/* End XCConfigurationList section */
	};
	rootObject = 4AA58D17183818C200B51AEA /* Project object */;
}
